
Microsoft Visual Studio Solution File, Format Version 12.00
# Visual Studio Version 17
VisualStudioVersion = 17.6.33723.286
MinimumVisualStudioVersion = 10.0.40219.1
Project("{8BC9CEB8-8B4A-11D0-8D11-00A0C91BC942}") = "LAB9_0_1", "LABHW9\LABHW9.vcxproj", "{26BA6015-5F60-426F-A086-4FD0E21ACCB1}"
EndProject
Project("{8BC9CEB8-8B4A-11D0-8D11-00A0C91BC942}") = "LAB9_0_2b", "LAB9_0_2b\LAB9_0_2b.vcxproj", "{BD8B98E7-6AA1-42AC-B0C1-CC14A5152325}"
EndProject
Project("{8BC9CEB8-8B4A-11D0-8D11-00A0C91BC942}") = "LAB9_1", "LAB9_1\LAB9_1.vcxproj", "{AAB8B72F-C634-4B86-A825-D43DF018322F}"
EndProject
Project("{8BC9CEB8-8B4A-11D0-8D11-00A0C91BC942}") = "LAB9_2", "LAB9_2\LAB9_2.vcxproj", "{05E99F43-B50C-47B4-AFB7-4F25E1A8DCA3}"
EndProject
Project("{8BC9CEB8-8B4A-11D0-8D11-00A0C91BC942}") = "LAB9_3", "LAB9_3\LAB9_3.vcxproj", "{E677A937-91BC-4912-846E-7A8D2E994457}"
EndProject
Project("{8BC9CEB8-8B4A-11D0-8D11-00A0C91BC942}") = "LAB9_4", "LAB9_4\LAB9_4.vcxproj", "{FFE5467A-AABF-4509-B2E9-8E646EF6C777}"
EndProject
Project("{8BC9CEB8-8B4A-11D0-8D11-00A0C91BC942}") = "LAB9_5", "LAB9_5\LAB9_5.vcxproj", "{52CFD52B-D4F3-422C-B5CF-2064B1F0D149}"
EndProject
Project("{8BC9CEB8-8B4A-11D0-8D11-00A0C91BC942}") = "HW9_1", "HW9_1\HW9_1.vcxproj", "{151EE280-E5C1-4481-93F1-0AA4ED9550D7}"
EndProject
Project("{8BC9CEB8-8B4A-11D0-8D11-00A0C91BC942}") = "HW9_2", "HW9_2\HW9_2.vcxproj", "{FD846722-840C-4035-A494-99B79D9098F8}"
EndProject
Project("{8BC9CEB8-8B4A-11D0-8D11-00A0C91BC942}") = "LAB9_0_2a", "LAB9_0_2a\LAB9_0_2a.vcxproj", "{2A69603D-6F12-4686-9BF1-805BDF592AE8}"
EndProject
Project("{8BC9CEB8-8B4A-11D0-8D11-00A0C91BC942}") = "LAB(omok)", "LAB(omok)\LAB(omok).vcxproj", "{D9F1172B-FDB1-4BCE-BED9-80D310E9897D}"
EndProject
Project("{8BC9CEB8-8B4A-11D0-8D11-00A0C91BC942}") = "LAB(real_omok)", "LAB(real_omok)\LAB(real_omok).vcxproj", "{34EB870A-A19E-4F4A-B7BF-457A68CAC330}"
EndProject
Global
	GlobalSection(SolutionConfigurationPlatforms) = preSolution
		Debug|x64 = Debug|x64
		Debug|x86 = Debug|x86
		Release|x64 = Release|x64
		Release|x86 = Release|x86
	EndGlobalSection
	GlobalSection(ProjectConfigurationPlatforms) = postSolution
		{26BA6015-5F60-426F-A086-4FD0E21ACCB1}.Debug|x64.ActiveCfg = Debug|x64
		{26BA6015-5F60-426F-A086-4FD0E21ACCB1}.Debug|x64.Build.0 = Debug|x64
		{26BA6015-5F60-426F-A086-4FD0E21ACCB1}.Debug|x86.ActiveCfg = Debug|Win32
		{26BA6015-5F60-426F-A086-4FD0E21ACCB1}.Debug|x86.Build.0 = Debug|Win32
		{26BA6015-5F60-426F-A086-4FD0E21ACCB1}.Release|x64.ActiveCfg = Release|x64
		{26BA6015-5F60-426F-A086-4FD0E21ACCB1}.Release|x64.Build.0 = Release|x64
		{26BA6015-5F60-426F-A086-4FD0E21ACCB1}.Release|x86.ActiveCfg = Release|Win32
		{26BA6015-5F60-426F-A086-4FD0E21ACCB1}.Release|x86.Build.0 = Release|Win32
		{BD8B98E7-6AA1-42AC-B0C1-CC14A5152325}.Debug|x64.ActiveCfg = Debug|x64
		{BD8B98E7-6AA1-42AC-B0C1-CC14A5152325}.Debug|x64.Build.0 = Debug|x64
		{BD8B98E7-6AA1-42AC-B0C1-CC14A5152325}.Debug|x86.ActiveCfg = Debug|Win32
		{BD8B98E7-6AA1-42AC-B0C1-CC14A5152325}.Debug|x86.Build.0 = Debug|Win32
		{BD8B98E7-6AA1-42AC-B0C1-CC14A5152325}.Release|x64.ActiveCfg = Release|x64
		{BD8B98E7-6AA1-42AC-B0C1-CC14A5152325}.Release|x64.Build.0 = Release|x64
		{BD8B98E7-6AA1-42AC-B0C1-CC14A5152325}.Release|x86.ActiveCfg = Release|Win32
		{BD8B98E7-6AA1-42AC-B0C1-CC14A5152325}.Release|x86.Build.0 = Release|Win32
		{AAB8B72F-C634-4B86-A825-D43DF018322F}.Debug|x64.ActiveCfg = Debug|x64
		{AAB8B72F-C634-4B86-A825-D43DF018322F}.Debug|x64.Build.0 = Debug|x64
		{AAB8B72F-C634-4B86-A825-D43DF018322F}.Debug|x86.ActiveCfg = Debug|Win32
		{AAB8B72F-C634-4B86-A825-D43DF018322F}.Debug|x86.Build.0 = Debug|Win32
		{AAB8B72F-C634-4B86-A825-D43DF018322F}.Release|x64.ActiveCfg = Release|x64
		{AAB8B72F-C634-4B86-A825-D43DF018322F}.Release|x64.Build.0 = Release|x64
		{AAB8B72F-C634-4B86-A825-D43DF018322F}.Release|x86.ActiveCfg = Release|Win32
		{AAB8B72F-C634-4B86-A825-D43DF018322F}.Release|x86.Build.0 = Release|Win32
		{05E99F43-B50C-47B4-AFB7-4F25E1A8DCA3}.Debug|x64.ActiveCfg = Debug|x64
		{05E99F43-B50C-47B4-AFB7-4F25E1A8DCA3}.Debug|x64.Build.0 = Debug|x64
		{05E99F43-B50C-47B4-AFB7-4F25E1A8DCA3}.Debug|x86.ActiveCfg = Debug|Win32
		{05E99F43-B50C-47B4-AFB7-4F25E1A8DCA3}.Debug|x86.Build.0 = Debug|Win32
		{05E99F43-B50C-47B4-AFB7-4F25E1A8DCA3}.Release|x64.ActiveCfg = Release|x64
		{05E99F43-B50C-47B4-AFB7-4F25E1A8DCA3}.Release|x64.Build.0 = Release|x64
		{05E99F43-B50C-47B4-AFB7-4F25E1A8DCA3}.Release|x86.ActiveCfg = Release|Win32
		{05E99F43-B50C-47B4-AFB7-4F25E1A8DCA3}.Release|x86.Build.0 = Release|Win32
		{E677A937-91BC-4912-846E-7A8D2E994457}.Debug|x64.ActiveCfg = Debug|x64
		{E677A937-91BC-4912-846E-7A8D2E994457}.Debug|x64.Build.0 = Debug|x64
		{E677A937-91BC-4912-846E-7A8D2E994457}.Debug|x86.ActiveCfg = Debug|Win32
		{E677A937-91BC-4912-846E-7A8D2E994457}.Debug|x86.Build.0 = Debug|Win32
		{E677A937-91BC-4912-846E-7A8D2E994457}.Release|x64.ActiveCfg = Release|x64
		{E677A937-91BC-4912-846E-7A8D2E994457}.Release|x64.Build.0 = Release|x64
		{E677A937-91BC-4912-846E-7A8D2E994457}.Release|x86.ActiveCfg = Release|Win32
		{E677A937-91BC-4912-846E-7A8D2E994457}.Release|x86.Build.0 = Release|Win32
		{FFE5467A-AABF-4509-B2E9-8E646EF6C777}.Debug|x64.ActiveCfg = Debug|x64
		{FFE5467A-AABF-4509-B2E9-8E646EF6C777}.Debug|x64.Build.0 = Debug|x64
		{FFE5467A-AABF-4509-B2E9-8E646EF6C777}.Debug|x86.ActiveCfg = Debug|Win32
		{FFE5467A-AABF-4509-B2E9-8E646EF6C777}.Debug|x86.Build.0 = Debug|Win32
		{FFE5467A-AABF-4509-B2E9-8E646EF6C777}.Release|x64.ActiveCfg = Release|x64
		{FFE5467A-AABF-4509-B2E9-8E646EF6C777}.Release|x64.Build.0 = Release|x64
		{FFE5467A-AABF-4509-B2E9-8E646EF6C777}.Release|x86.ActiveCfg = Release|Win32
		{FFE5467A-AABF-4509-B2E9-8E646EF6C777}.Release|x86.Build.0 = Release|Win32
		{52CFD52B-D4F3-422C-B5CF-2064B1F0D149}.Debug|x64.ActiveCfg = Debug|x64
		{52CFD52B-D4F3-422C-B5CF-2064B1F0D149}.Debug|x64.Build.0 = Debug|x64
		{52CFD52B-D4F3-422C-B5CF-2064B1F0D149}.Debug|x86.ActiveCfg = Debug|Win32
		{52CFD52B-D4F3-422C-B5CF-2064B1F0D149}.Debug|x86.Build.0 = Debug|Win32
		{52CFD52B-D4F3-422C-B5CF-2064B1F0D149}.Release|x64.ActiveCfg = Release|x64
		{52CFD52B-D4F3-422C-B5CF-2064B1F0D149}.Release|x64.Build.0 = Release|x64
		{52CFD52B-D4F3-422C-B5CF-2064B1F0D149}.Release|x86.ActiveCfg = Release|Win32
		{52CFD52B-D4F3-422C-B5CF-2064B1F0D149}.Release|x86.Build.0 = Release|Win32
		{151EE280-E5C1-4481-93F1-0AA4ED9550D7}.Debug|x64.ActiveCfg = Debug|x64
		{151EE280-E5C1-4481-93F1-0AA4ED9550D7}.Debug|x64.Build.0 = Debug|x64
		{151EE280-E5C1-4481-93F1-0AA4ED9550D7}.Debug|x86.ActiveCfg = Debug|Win32
		{151EE280-E5C1-4481-93F1-0AA4ED9550D7}.Debug|x86.Build.0 = Debug|Win32
		{151EE280-E5C1-4481-93F1-0AA4ED9550D7}.Release|x64.ActiveCfg = Release|x64
		{151EE280-E5C1-4481-93F1-0AA4ED9550D7}.Release|x64.Build.0 = Release|x64
		{151EE280-E5C1-4481-93F1-0AA4ED9550D7}.Release|x86.ActiveCfg = Release|Win32
		{151EE280-E5C1-4481-93F1-0AA4ED9550D7}.Release|x86.Build.0 = Release|Win32
		{FD846722-840C-4035-A494-99B79D9098F8}.Debug|x64.ActiveCfg = Debug|x64
		{FD846722-840C-4035-A494-99B79D9098F8}.Debug|x64.Build.0 = Debug|x64
		{FD846722-840C-4035-A494-99B79D9098F8}.Debug|x86.ActiveCfg = Debug|Win32
		{FD846722-840C-4035-A494-99B79D9098F8}.Debug|x86.Build.0 = Debug|Win32
		{FD846722-840C-4035-A494-99B79D9098F8}.Release|x64.ActiveCfg = Release|x64
		{FD846722-840C-4035-A494-99B79D9098F8}.Release|x64.Build.0 = Release|x64
		{FD846722-840C-4035-A494-99B79D9098F8}.Release|x86.ActiveCfg = Release|Win32
		{FD846722-840C-4035-A494-99B79D9098F8}.Release|x86.Build.0 = Release|Win32
		{2A69603D-6F12-4686-9BF1-805BDF592AE8}.Debug|x64.ActiveCfg = Debug|x64
		{2A69603D-6F12-4686-9BF1-805BDF592AE8}.Debug|x64.Build.0 = Debug|x64
		{2A69603D-6F12-4686-9BF1-805BDF592AE8}.Debug|x86.ActiveCfg = Debug|Win32
		{2A69603D-6F12-4686-9BF1-805BDF592AE8}.Debug|x86.Build.0 = Debug|Win32
		{2A69603D-6F12-4686-9BF1-805BDF592AE8}.Release|x64.ActiveCfg = Release|x64
		{2A69603D-6F12-4686-9BF1-805BDF592AE8}.Release|x64.Build.0 = Release|x64
		{2A69603D-6F12-4686-9BF1-805BDF592AE8}.Release|x86.ActiveCfg = Release|Win32
		{2A69603D-6F12-4686-9BF1-805BDF592AE8}.Release|x86.Build.0 = Release|Win32
		{D9F1172B-FDB1-4BCE-BED9-80D310E9897D}.Debug|x64.ActiveCfg = Debug|x64
		{D9F1172B-FDB1-4BCE-BED9-80D310E9897D}.Debug|x64.Build.0 = Debug|x64
		{D9F1172B-FDB1-4BCE-BED9-80D310E9897D}.Debug|x86.ActiveCfg = Debug|Win32
		{D9F1172B-FDB1-4BCE-BED9-80D310E9897D}.Debug|x86.Build.0 = Debug|Win32
		{D9F1172B-FDB1-4BCE-BED9-80D310E9897D}.Release|x64.ActiveCfg = Release|x64
		{D9F1172B-FDB1-4BCE-BED9-80D310E9897D}.Release|x64.Build.0 = Release|x64
		{D9F1172B-FDB1-4BCE-BED9-80D310E9897D}.Release|x86.ActiveCfg = Release|Win32
		{D9F1172B-FDB1-4BCE-BED9-80D310E9897D}.Release|x86.Build.0 = Release|Win32
		{34EB870A-A19E-4F4A-B7BF-457A68CAC330}.Debug|x64.ActiveCfg = Debug|x64
		{34EB870A-A19E-4F4A-B7BF-457A68CAC330}.Debug|x64.Build.0 = Debug|x64
		{34EB870A-A19E-4F4A-B7BF-457A68CAC330}.Debug|x86.ActiveCfg = Debug|Win32
		{34EB870A-A19E-4F4A-B7BF-457A68CAC330}.Debug|x86.Build.0 = Debug|Win32
		{34EB870A-A19E-4F4A-B7BF-457A68CAC330}.Release|x64.ActiveCfg = Release|x64
		{34EB870A-A19E-4F4A-B7BF-457A68CAC330}.Release|x64.Build.0 = Release|x64
		{34EB870A-A19E-4F4A-B7BF-457A68CAC330}.Release|x86.ActiveCfg = Release|Win32
		{34EB870A-A19E-4F4A-B7BF-457A68CAC330}.Release|x86.Build.0 = Release|Win32
	EndGlobalSection
	GlobalSection(SolutionProperties) = preSolution
		HideSolutionNode = FALSE
	EndGlobalSection
	GlobalSection(ExtensibilityGlobals) = postSolution
		SolutionGuid = {FED3105E-B228-4C97-8380-53DC77C13FD0}
	EndGlobalSection
EndGlobal
