
Microsoft Visual Studio Solution File, Format Version 12.00
# Visual Studio Version 17
VisualStudioVersion = 17.6.33723.286
MinimumVisualStudioVersion = 10.0.40219.1
Project("{8BC9CEB8-8B4A-11D0-8D11-00A0C91BC942}") = "20231110", "20231110\20231110.vcxproj", "{151E6E56-90C6-40EA-ABDE-4FA2A61E98FB}"
EndProject
Global
	GlobalSection(SolutionConfigurationPlatforms) = preSolution
		Debug|x64 = Debug|x64
		Debug|x86 = Debug|x86
		Release|x64 = Release|x64
		Release|x86 = Release|x86
	EndGlobalSection
	GlobalSection(ProjectConfigurationPlatforms) = postSolution
		{151E6E56-90C6-40EA-ABDE-4FA2A61E98FB}.Debug|x64.ActiveCfg = Debug|x64
		{151E6E56-90C6-40EA-ABDE-4FA2A61E98FB}.Debug|x64.Build.0 = Debug|x64
		{151E6E56-90C6-40EA-ABDE-4FA2A61E98FB}.Debug|x86.ActiveCfg = Debug|Win32
		{151E6E56-90C6-40EA-ABDE-4FA2A61E98FB}.Debug|x86.Build.0 = Debug|Win32
		{151E6E56-90C6-40EA-ABDE-4FA2A61E98FB}.Release|x64.ActiveCfg = Release|x64
		{151E6E56-90C6-40EA-ABDE-4FA2A61E98FB}.Release|x64.Build.0 = Release|x64
		{151E6E56-90C6-40EA-ABDE-4FA2A61E98FB}.Release|x86.ActiveCfg = Release|Win32
		{151E6E56-90C6-40EA-ABDE-4FA2A61E98FB}.Release|x86.Build.0 = Release|Win32
	EndGlobalSection
	GlobalSection(SolutionProperties) = preSolution
		HideSolutionNode = FALSE
	EndGlobalSection
	GlobalSection(ExtensibilityGlobals) = postSolution
		SolutionGuid = {AF07D151-4CE1-4B40-A445-B28EA5D72B67}
	EndGlobalSection
EndGlobal
