
Microsoft Visual Studio Solution File, Format Version 12.00
# Visual Studio Version 17
VisualStudioVersion = 17.6.33723.286
MinimumVisualStudioVersion = 10.0.40219.1
Project("{8BC9CEB8-8B4A-11D0-8D11-00A0C91BC942}") = "LABHW4", "LABHW4\LABHW4.vcxproj", "{D8749DA5-CB5B-43C3-A3DC-21DEDD211442}"
EndProject
Project("{8BC9CEB8-8B4A-11D0-8D11-00A0C91BC942}") = "LAB4_3", "LAB4_3\LAB4_3.vcxproj", "{FB5D496C-AFF3-4249-B639-FD95917C8CD9}"
EndProject
Project("{8BC9CEB8-8B4A-11D0-8D11-00A0C91BC942}") = "HW4_1", "HW4_1\HW4_1.vcxproj", "{37256D17-094D-4ED7-8B34-B38C3ED03658}"
EndProject
Project("{8BC9CEB8-8B4A-11D0-8D11-00A0C91BC942}") = "HW4_2", "HW4_2\HW4_2.vcxproj", "{795D0CC6-16BF-4C88-B6B9-23CD0802821A}"
EndProject
Project("{8BC9CEB8-8B4A-11D0-8D11-00A0C91BC942}") = "HW4_3_0", "HW4_3_0\HW4_3_0.vcxproj", "{3815DD4E-0890-4737-81D6-AE22DD061D32}"
EndProject
Project("{8BC9CEB8-8B4A-11D0-8D11-00A0C91BC942}") = "HW4_3_1", "HW4_3_1\HW4_3_1.vcxproj", "{3EFE9C7F-EF08-405D-8A67-849C42945CAA}"
EndProject
Project("{8BC9CEB8-8B4A-11D0-8D11-00A0C91BC942}") = "HW4_4", "HW4_4\HW4_4.vcxproj", "{631D6CC7-C201-4C73-88A0-AC1B46A96E0E}"
EndProject
Project("{8BC9CEB8-8B4A-11D0-8D11-00A0C91BC942}") = "HW4_5_1", "HW4_5_1\HW4_5_1.vcxproj", "{FEB356A5-A1C9-4661-AB16-CCEB6FDBC77B}"
EndProject
Project("{8BC9CEB8-8B4A-11D0-8D11-00A0C91BC942}") = "HW4_5_2", "HW4_5_2\HW4_5_2.vcxproj", "{BA6E41A2-3CC8-463A-974E-6C47E53C83D5}"
EndProject
Project("{8BC9CEB8-8B4A-11D0-8D11-00A0C91BC942}") = "Challenge4_1", "Challenge4_1\Challenge4_1.vcxproj", "{356A977F-5A87-486D-8EB2-AAE23F0CEB5B}"
EndProject
Project("{8BC9CEB8-8B4A-11D0-8D11-00A0C91BC942}") = "Challenge4_2", "Challenge4_2\Challenge4_2.vcxproj", "{CDDF2C4A-6BCD-4725-AC18-BF0FFC63792F}"
EndProject
Project("{8BC9CEB8-8B4A-11D0-8D11-00A0C91BC942}") = "Project1", "Project1\Project1.vcxproj", "{FDED213C-38D1-4489-98E8-2644E3B37006}"
EndProject
Global
	GlobalSection(SolutionConfigurationPlatforms) = preSolution
		Debug|x64 = Debug|x64
		Debug|x86 = Debug|x86
		Release|x64 = Release|x64
		Release|x86 = Release|x86
	EndGlobalSection
	GlobalSection(ProjectConfigurationPlatforms) = postSolution
		{D8749DA5-CB5B-43C3-A3DC-21DEDD211442}.Debug|x64.ActiveCfg = Debug|x64
		{D8749DA5-CB5B-43C3-A3DC-21DEDD211442}.Debug|x64.Build.0 = Debug|x64
		{D8749DA5-CB5B-43C3-A3DC-21DEDD211442}.Debug|x86.ActiveCfg = Debug|Win32
		{D8749DA5-CB5B-43C3-A3DC-21DEDD211442}.Debug|x86.Build.0 = Debug|Win32
		{D8749DA5-CB5B-43C3-A3DC-21DEDD211442}.Release|x64.ActiveCfg = Release|x64
		{D8749DA5-CB5B-43C3-A3DC-21DEDD211442}.Release|x64.Build.0 = Release|x64
		{D8749DA5-CB5B-43C3-A3DC-21DEDD211442}.Release|x86.ActiveCfg = Release|Win32
		{D8749DA5-CB5B-43C3-A3DC-21DEDD211442}.Release|x86.Build.0 = Release|Win32
		{FB5D496C-AFF3-4249-B639-FD95917C8CD9}.Debug|x64.ActiveCfg = Debug|x64
		{FB5D496C-AFF3-4249-B639-FD95917C8CD9}.Debug|x64.Build.0 = Debug|x64
		{FB5D496C-AFF3-4249-B639-FD95917C8CD9}.Debug|x86.ActiveCfg = Debug|Win32
		{FB5D496C-AFF3-4249-B639-FD95917C8CD9}.Debug|x86.Build.0 = Debug|Win32
		{FB5D496C-AFF3-4249-B639-FD95917C8CD9}.Release|x64.ActiveCfg = Release|x64
		{FB5D496C-AFF3-4249-B639-FD95917C8CD9}.Release|x64.Build.0 = Release|x64
		{FB5D496C-AFF3-4249-B639-FD95917C8CD9}.Release|x86.ActiveCfg = Release|Win32
		{FB5D496C-AFF3-4249-B639-FD95917C8CD9}.Release|x86.Build.0 = Release|Win32
		{37256D17-094D-4ED7-8B34-B38C3ED03658}.Debug|x64.ActiveCfg = Debug|x64
		{37256D17-094D-4ED7-8B34-B38C3ED03658}.Debug|x64.Build.0 = Debug|x64
		{37256D17-094D-4ED7-8B34-B38C3ED03658}.Debug|x86.ActiveCfg = Debug|Win32
		{37256D17-094D-4ED7-8B34-B38C3ED03658}.Debug|x86.Build.0 = Debug|Win32
		{37256D17-094D-4ED7-8B34-B38C3ED03658}.Release|x64.ActiveCfg = Release|x64
		{37256D17-094D-4ED7-8B34-B38C3ED03658}.Release|x64.Build.0 = Release|x64
		{37256D17-094D-4ED7-8B34-B38C3ED03658}.Release|x86.ActiveCfg = Release|Win32
		{37256D17-094D-4ED7-8B34-B38C3ED03658}.Release|x86.Build.0 = Release|Win32
		{795D0CC6-16BF-4C88-B6B9-23CD0802821A}.Debug|x64.ActiveCfg = Debug|x64
		{795D0CC6-16BF-4C88-B6B9-23CD0802821A}.Debug|x64.Build.0 = Debug|x64
		{795D0CC6-16BF-4C88-B6B9-23CD0802821A}.Debug|x86.ActiveCfg = Debug|Win32
		{795D0CC6-16BF-4C88-B6B9-23CD0802821A}.Debug|x86.Build.0 = Debug|Win32
		{795D0CC6-16BF-4C88-B6B9-23CD0802821A}.Release|x64.ActiveCfg = Release|x64
		{795D0CC6-16BF-4C88-B6B9-23CD0802821A}.Release|x64.Build.0 = Release|x64
		{795D0CC6-16BF-4C88-B6B9-23CD0802821A}.Release|x86.ActiveCfg = Release|Win32
		{795D0CC6-16BF-4C88-B6B9-23CD0802821A}.Release|x86.Build.0 = Release|Win32
		{3815DD4E-0890-4737-81D6-AE22DD061D32}.Debug|x64.ActiveCfg = Debug|x64
		{3815DD4E-0890-4737-81D6-AE22DD061D32}.Debug|x64.Build.0 = Debug|x64
		{3815DD4E-0890-4737-81D6-AE22DD061D32}.Debug|x86.ActiveCfg = Debug|Win32
		{3815DD4E-0890-4737-81D6-AE22DD061D32}.Debug|x86.Build.0 = Debug|Win32
		{3815DD4E-0890-4737-81D6-AE22DD061D32}.Release|x64.ActiveCfg = Release|x64
		{3815DD4E-0890-4737-81D6-AE22DD061D32}.Release|x64.Build.0 = Release|x64
		{3815DD4E-0890-4737-81D6-AE22DD061D32}.Release|x86.ActiveCfg = Release|Win32
		{3815DD4E-0890-4737-81D6-AE22DD061D32}.Release|x86.Build.0 = Release|Win32
		{3EFE9C7F-EF08-405D-8A67-849C42945CAA}.Debug|x64.ActiveCfg = Debug|x64
		{3EFE9C7F-EF08-405D-8A67-849C42945CAA}.Debug|x64.Build.0 = Debug|x64
		{3EFE9C7F-EF08-405D-8A67-849C42945CAA}.Debug|x86.ActiveCfg = Debug|Win32
		{3EFE9C7F-EF08-405D-8A67-849C42945CAA}.Debug|x86.Build.0 = Debug|Win32
		{3EFE9C7F-EF08-405D-8A67-849C42945CAA}.Release|x64.ActiveCfg = Release|x64
		{3EFE9C7F-EF08-405D-8A67-849C42945CAA}.Release|x64.Build.0 = Release|x64
		{3EFE9C7F-EF08-405D-8A67-849C42945CAA}.Release|x86.ActiveCfg = Release|Win32
		{3EFE9C7F-EF08-405D-8A67-849C42945CAA}.Release|x86.Build.0 = Release|Win32
		{631D6CC7-C201-4C73-88A0-AC1B46A96E0E}.Debug|x64.ActiveCfg = Debug|x64
		{631D6CC7-C201-4C73-88A0-AC1B46A96E0E}.Debug|x64.Build.0 = Debug|x64
		{631D6CC7-C201-4C73-88A0-AC1B46A96E0E}.Debug|x86.ActiveCfg = Debug|Win32
		{631D6CC7-C201-4C73-88A0-AC1B46A96E0E}.Debug|x86.Build.0 = Debug|Win32
		{631D6CC7-C201-4C73-88A0-AC1B46A96E0E}.Release|x64.ActiveCfg = Release|x64
		{631D6CC7-C201-4C73-88A0-AC1B46A96E0E}.Release|x64.Build.0 = Release|x64
		{631D6CC7-C201-4C73-88A0-AC1B46A96E0E}.Release|x86.ActiveCfg = Release|Win32
		{631D6CC7-C201-4C73-88A0-AC1B46A96E0E}.Release|x86.Build.0 = Release|Win32
		{FEB356A5-A1C9-4661-AB16-CCEB6FDBC77B}.Debug|x64.ActiveCfg = Debug|x64
		{FEB356A5-A1C9-4661-AB16-CCEB6FDBC77B}.Debug|x64.Build.0 = Debug|x64
		{FEB356A5-A1C9-4661-AB16-CCEB6FDBC77B}.Debug|x86.ActiveCfg = Debug|Win32
		{FEB356A5-A1C9-4661-AB16-CCEB6FDBC77B}.Debug|x86.Build.0 = Debug|Win32
		{FEB356A5-A1C9-4661-AB16-CCEB6FDBC77B}.Release|x64.ActiveCfg = Release|x64
		{FEB356A5-A1C9-4661-AB16-CCEB6FDBC77B}.Release|x64.Build.0 = Release|x64
		{FEB356A5-A1C9-4661-AB16-CCEB6FDBC77B}.Release|x86.ActiveCfg = Release|Win32
		{FEB356A5-A1C9-4661-AB16-CCEB6FDBC77B}.Release|x86.Build.0 = Release|Win32
		{BA6E41A2-3CC8-463A-974E-6C47E53C83D5}.Debug|x64.ActiveCfg = Debug|x64
		{BA6E41A2-3CC8-463A-974E-6C47E53C83D5}.Debug|x64.Build.0 = Debug|x64
		{BA6E41A2-3CC8-463A-974E-6C47E53C83D5}.Debug|x86.ActiveCfg = Debug|Win32
		{BA6E41A2-3CC8-463A-974E-6C47E53C83D5}.Debug|x86.Build.0 = Debug|Win32
		{BA6E41A2-3CC8-463A-974E-6C47E53C83D5}.Release|x64.ActiveCfg = Release|x64
		{BA6E41A2-3CC8-463A-974E-6C47E53C83D5}.Release|x64.Build.0 = Release|x64
		{BA6E41A2-3CC8-463A-974E-6C47E53C83D5}.Release|x86.ActiveCfg = Release|Win32
		{BA6E41A2-3CC8-463A-974E-6C47E53C83D5}.Release|x86.Build.0 = Release|Win32
		{356A977F-5A87-486D-8EB2-AAE23F0CEB5B}.Debug|x64.ActiveCfg = Debug|x64
		{356A977F-5A87-486D-8EB2-AAE23F0CEB5B}.Debug|x64.Build.0 = Debug|x64
		{356A977F-5A87-486D-8EB2-AAE23F0CEB5B}.Debug|x86.ActiveCfg = Debug|Win32
		{356A977F-5A87-486D-8EB2-AAE23F0CEB5B}.Debug|x86.Build.0 = Debug|Win32
		{356A977F-5A87-486D-8EB2-AAE23F0CEB5B}.Release|x64.ActiveCfg = Release|x64
		{356A977F-5A87-486D-8EB2-AAE23F0CEB5B}.Release|x64.Build.0 = Release|x64
		{356A977F-5A87-486D-8EB2-AAE23F0CEB5B}.Release|x86.ActiveCfg = Release|Win32
		{356A977F-5A87-486D-8EB2-AAE23F0CEB5B}.Release|x86.Build.0 = Release|Win32
		{CDDF2C4A-6BCD-4725-AC18-BF0FFC63792F}.Debug|x64.ActiveCfg = Debug|x64
		{CDDF2C4A-6BCD-4725-AC18-BF0FFC63792F}.Debug|x64.Build.0 = Debug|x64
		{CDDF2C4A-6BCD-4725-AC18-BF0FFC63792F}.Debug|x86.ActiveCfg = Debug|Win32
		{CDDF2C4A-6BCD-4725-AC18-BF0FFC63792F}.Debug|x86.Build.0 = Debug|Win32
		{CDDF2C4A-6BCD-4725-AC18-BF0FFC63792F}.Release|x64.ActiveCfg = Release|x64
		{CDDF2C4A-6BCD-4725-AC18-BF0FFC63792F}.Release|x64.Build.0 = Release|x64
		{CDDF2C4A-6BCD-4725-AC18-BF0FFC63792F}.Release|x86.ActiveCfg = Release|Win32
		{CDDF2C4A-6BCD-4725-AC18-BF0FFC63792F}.Release|x86.Build.0 = Release|Win32
		{FDED213C-38D1-4489-98E8-2644E3B37006}.Debug|x64.ActiveCfg = Debug|x64
		{FDED213C-38D1-4489-98E8-2644E3B37006}.Debug|x64.Build.0 = Debug|x64
		{FDED213C-38D1-4489-98E8-2644E3B37006}.Debug|x86.ActiveCfg = Debug|Win32
		{FDED213C-38D1-4489-98E8-2644E3B37006}.Debug|x86.Build.0 = Debug|Win32
		{FDED213C-38D1-4489-98E8-2644E3B37006}.Release|x64.ActiveCfg = Release|x64
		{FDED213C-38D1-4489-98E8-2644E3B37006}.Release|x64.Build.0 = Release|x64
		{FDED213C-38D1-4489-98E8-2644E3B37006}.Release|x86.ActiveCfg = Release|Win32
		{FDED213C-38D1-4489-98E8-2644E3B37006}.Release|x86.Build.0 = Release|Win32
	EndGlobalSection
	GlobalSection(SolutionProperties) = preSolution
		HideSolutionNode = FALSE
	EndGlobalSection
	GlobalSection(ExtensibilityGlobals) = postSolution
		SolutionGuid = {A7853BC7-3614-4609-931E-40061BE8CB6B}
	EndGlobalSection
EndGlobal
