
Microsoft Visual Studio Solution File, Format Version 12.00
# Visual Studio Version 17
VisualStudioVersion = 17.6.33723.286
MinimumVisualStudioVersion = 10.0.40219.1
Project("{8BC9CEB8-8B4A-11D0-8D11-00A0C91BC942}") = "Resubmit_total", "Resubmit_total\Resubmit_total.vcxproj", "{3B9CB5CA-B9B5-4BFC-A0F8-96D487C66738}"
EndProject
Global
	GlobalSection(SolutionConfigurationPlatforms) = preSolution
		Debug|x64 = Debug|x64
		Debug|x86 = Debug|x86
		Release|x64 = Release|x64
		Release|x86 = Release|x86
	EndGlobalSection
	GlobalSection(ProjectConfigurationPlatforms) = postSolution
		{3B9CB5CA-B9B5-4BFC-A0F8-96D487C66738}.Debug|x64.ActiveCfg = Debug|x64
		{3B9CB5CA-B9B5-4BFC-A0F8-96D487C66738}.Debug|x64.Build.0 = Debug|x64
		{3B9CB5CA-B9B5-4BFC-A0F8-96D487C66738}.Debug|x86.ActiveCfg = Debug|Win32
		{3B9CB5CA-B9B5-4BFC-A0F8-96D487C66738}.Debug|x86.Build.0 = Debug|Win32
		{3B9CB5CA-B9B5-4BFC-A0F8-96D487C66738}.Release|x64.ActiveCfg = Release|x64
		{3B9CB5CA-B9B5-4BFC-A0F8-96D487C66738}.Release|x64.Build.0 = Release|x64
		{3B9CB5CA-B9B5-4BFC-A0F8-96D487C66738}.Release|x86.ActiveCfg = Release|Win32
		{3B9CB5CA-B9B5-4BFC-A0F8-96D487C66738}.Release|x86.Build.0 = Release|Win32
	EndGlobalSection
	GlobalSection(SolutionProperties) = preSolution
		HideSolutionNode = FALSE
	EndGlobalSection
	GlobalSection(ExtensibilityGlobals) = postSolution
		SolutionGuid = {2150C792-04EA-4B25-A4E6-1A6C48193220}
	EndGlobalSection
EndGlobal
