
Microsoft Visual Studio Solution File, Format Version 12.00
# Visual Studio Version 17
VisualStudioVersion = 17.6.33723.286
MinimumVisualStudioVersion = 10.0.40219.1
Project("{8BC9CEB8-8B4A-11D0-8D11-00A0C91BC942}") = "LABHW16", "LABHW16\LABHW16.vcxproj", "{509F0E88-0FDF-4BBD-AF47-E9EA7A55D648}"
EndProject
Project("{8BC9CEB8-8B4A-11D0-8D11-00A0C91BC942}") = "LABHW3_5", "LABHW3_5\LABHW3_5.vcxproj", "{10033EF1-AC11-402D-951C-C1B4C6644C5C}"
EndProject
Project("{8BC9CEB8-8B4A-11D0-8D11-00A0C91BC942}") = "LAB16_3", "LAB16_2\LAB16_2.vcxproj", "{489047F1-85C3-4F9E-90F3-73C4DE78DF60}"
EndProject
Project("{8BC9CEB8-8B4A-11D0-8D11-00A0C91BC942}") = "LAB16_4", "LAB16_4\LAB16_4.vcxproj", "{6A79A20E-6987-41F3-A200-F4271260A077}"
EndProject
Project("{8BC9CEB8-8B4A-11D0-8D11-00A0C91BC942}") = "LAB16_5", "LAB16_5\LAB16_5.vcxproj", "{4E693881-C5ED-41FF-B3E9-F75E2CF1A700}"
EndProject
Project("{8BC9CEB8-8B4A-11D0-8D11-00A0C91BC942}") = "HW16_1", "HW16_1\HW16_1.vcxproj", "{08020290-EE31-422C-A780-15AEB1D54C71}"
EndProject
Project("{8BC9CEB8-8B4A-11D0-8D11-00A0C91BC942}") = "HW16_2", "HW16_2\HW16_2.vcxproj", "{1B4D9F50-020F-45F0-A9AA-A44B4689A974}"
EndProject
Project("{8BC9CEB8-8B4A-11D0-8D11-00A0C91BC942}") = "HW16_3", "HW16_3\HW16_3.vcxproj", "{CC6B8C6D-9211-4D52-B8AD-B9D7FDECD05F}"
EndProject
Global
	GlobalSection(SolutionConfigurationPlatforms) = preSolution
		Debug|x64 = Debug|x64
		Debug|x86 = Debug|x86
		Release|x64 = Release|x64
		Release|x86 = Release|x86
	EndGlobalSection
	GlobalSection(ProjectConfigurationPlatforms) = postSolution
		{509F0E88-0FDF-4BBD-AF47-E9EA7A55D648}.Debug|x64.ActiveCfg = Debug|x64
		{509F0E88-0FDF-4BBD-AF47-E9EA7A55D648}.Debug|x64.Build.0 = Debug|x64
		{509F0E88-0FDF-4BBD-AF47-E9EA7A55D648}.Debug|x86.ActiveCfg = Debug|Win32
		{509F0E88-0FDF-4BBD-AF47-E9EA7A55D648}.Debug|x86.Build.0 = Debug|Win32
		{509F0E88-0FDF-4BBD-AF47-E9EA7A55D648}.Release|x64.ActiveCfg = Release|x64
		{509F0E88-0FDF-4BBD-AF47-E9EA7A55D648}.Release|x64.Build.0 = Release|x64
		{509F0E88-0FDF-4BBD-AF47-E9EA7A55D648}.Release|x86.ActiveCfg = Release|Win32
		{509F0E88-0FDF-4BBD-AF47-E9EA7A55D648}.Release|x86.Build.0 = Release|Win32
		{10033EF1-AC11-402D-951C-C1B4C6644C5C}.Debug|x64.ActiveCfg = Debug|x64
		{10033EF1-AC11-402D-951C-C1B4C6644C5C}.Debug|x64.Build.0 = Debug|x64
		{10033EF1-AC11-402D-951C-C1B4C6644C5C}.Debug|x86.ActiveCfg = Debug|Win32
		{10033EF1-AC11-402D-951C-C1B4C6644C5C}.Debug|x86.Build.0 = Debug|Win32
		{10033EF1-AC11-402D-951C-C1B4C6644C5C}.Release|x64.ActiveCfg = Release|x64
		{10033EF1-AC11-402D-951C-C1B4C6644C5C}.Release|x64.Build.0 = Release|x64
		{10033EF1-AC11-402D-951C-C1B4C6644C5C}.Release|x86.ActiveCfg = Release|Win32
		{10033EF1-AC11-402D-951C-C1B4C6644C5C}.Release|x86.Build.0 = Release|Win32
		{489047F1-85C3-4F9E-90F3-73C4DE78DF60}.Debug|x64.ActiveCfg = Debug|x64
		{489047F1-85C3-4F9E-90F3-73C4DE78DF60}.Debug|x64.Build.0 = Debug|x64
		{489047F1-85C3-4F9E-90F3-73C4DE78DF60}.Debug|x86.ActiveCfg = Debug|Win32
		{489047F1-85C3-4F9E-90F3-73C4DE78DF60}.Debug|x86.Build.0 = Debug|Win32
		{489047F1-85C3-4F9E-90F3-73C4DE78DF60}.Release|x64.ActiveCfg = Release|x64
		{489047F1-85C3-4F9E-90F3-73C4DE78DF60}.Release|x64.Build.0 = Release|x64
		{489047F1-85C3-4F9E-90F3-73C4DE78DF60}.Release|x86.ActiveCfg = Release|Win32
		{489047F1-85C3-4F9E-90F3-73C4DE78DF60}.Release|x86.Build.0 = Release|Win32
		{6A79A20E-6987-41F3-A200-F4271260A077}.Debug|x64.ActiveCfg = Debug|x64
		{6A79A20E-6987-41F3-A200-F4271260A077}.Debug|x64.Build.0 = Debug|x64
		{6A79A20E-6987-41F3-A200-F4271260A077}.Debug|x86.ActiveCfg = Debug|Win32
		{6A79A20E-6987-41F3-A200-F4271260A077}.Debug|x86.Build.0 = Debug|Win32
		{6A79A20E-6987-41F3-A200-F4271260A077}.Release|x64.ActiveCfg = Release|x64
		{6A79A20E-6987-41F3-A200-F4271260A077}.Release|x64.Build.0 = Release|x64
		{6A79A20E-6987-41F3-A200-F4271260A077}.Release|x86.ActiveCfg = Release|Win32
		{6A79A20E-6987-41F3-A200-F4271260A077}.Release|x86.Build.0 = Release|Win32
		{4E693881-C5ED-41FF-B3E9-F75E2CF1A700}.Debug|x64.ActiveCfg = Debug|x64
		{4E693881-C5ED-41FF-B3E9-F75E2CF1A700}.Debug|x64.Build.0 = Debug|x64
		{4E693881-C5ED-41FF-B3E9-F75E2CF1A700}.Debug|x86.ActiveCfg = Debug|Win32
		{4E693881-C5ED-41FF-B3E9-F75E2CF1A700}.Debug|x86.Build.0 = Debug|Win32
		{4E693881-C5ED-41FF-B3E9-F75E2CF1A700}.Release|x64.ActiveCfg = Release|x64
		{4E693881-C5ED-41FF-B3E9-F75E2CF1A700}.Release|x64.Build.0 = Release|x64
		{4E693881-C5ED-41FF-B3E9-F75E2CF1A700}.Release|x86.ActiveCfg = Release|Win32
		{4E693881-C5ED-41FF-B3E9-F75E2CF1A700}.Release|x86.Build.0 = Release|Win32
		{08020290-EE31-422C-A780-15AEB1D54C71}.Debug|x64.ActiveCfg = Debug|x64
		{08020290-EE31-422C-A780-15AEB1D54C71}.Debug|x64.Build.0 = Debug|x64
		{08020290-EE31-422C-A780-15AEB1D54C71}.Debug|x86.ActiveCfg = Debug|Win32
		{08020290-EE31-422C-A780-15AEB1D54C71}.Debug|x86.Build.0 = Debug|Win32
		{08020290-EE31-422C-A780-15AEB1D54C71}.Release|x64.ActiveCfg = Release|x64
		{08020290-EE31-422C-A780-15AEB1D54C71}.Release|x64.Build.0 = Release|x64
		{08020290-EE31-422C-A780-15AEB1D54C71}.Release|x86.ActiveCfg = Release|Win32
		{08020290-EE31-422C-A780-15AEB1D54C71}.Release|x86.Build.0 = Release|Win32
		{1B4D9F50-020F-45F0-A9AA-A44B4689A974}.Debug|x64.ActiveCfg = Debug|x64
		{1B4D9F50-020F-45F0-A9AA-A44B4689A974}.Debug|x64.Build.0 = Debug|x64
		{1B4D9F50-020F-45F0-A9AA-A44B4689A974}.Debug|x86.ActiveCfg = Debug|Win32
		{1B4D9F50-020F-45F0-A9AA-A44B4689A974}.Debug|x86.Build.0 = Debug|Win32
		{1B4D9F50-020F-45F0-A9AA-A44B4689A974}.Release|x64.ActiveCfg = Release|x64
		{1B4D9F50-020F-45F0-A9AA-A44B4689A974}.Release|x64.Build.0 = Release|x64
		{1B4D9F50-020F-45F0-A9AA-A44B4689A974}.Release|x86.ActiveCfg = Release|Win32
		{1B4D9F50-020F-45F0-A9AA-A44B4689A974}.Release|x86.Build.0 = Release|Win32
		{CC6B8C6D-9211-4D52-B8AD-B9D7FDECD05F}.Debug|x64.ActiveCfg = Debug|x64
		{CC6B8C6D-9211-4D52-B8AD-B9D7FDECD05F}.Debug|x64.Build.0 = Debug|x64
		{CC6B8C6D-9211-4D52-B8AD-B9D7FDECD05F}.Debug|x86.ActiveCfg = Debug|Win32
		{CC6B8C6D-9211-4D52-B8AD-B9D7FDECD05F}.Debug|x86.Build.0 = Debug|Win32
		{CC6B8C6D-9211-4D52-B8AD-B9D7FDECD05F}.Release|x64.ActiveCfg = Release|x64
		{CC6B8C6D-9211-4D52-B8AD-B9D7FDECD05F}.Release|x64.Build.0 = Release|x64
		{CC6B8C6D-9211-4D52-B8AD-B9D7FDECD05F}.Release|x86.ActiveCfg = Release|Win32
		{CC6B8C6D-9211-4D52-B8AD-B9D7FDECD05F}.Release|x86.Build.0 = Release|Win32
	EndGlobalSection
	GlobalSection(SolutionProperties) = preSolution
		HideSolutionNode = FALSE
	EndGlobalSection
	GlobalSection(ExtensibilityGlobals) = postSolution
		SolutionGuid = {176D51B9-57C8-4A03-9DE1-6B19BAC59C6D}
	EndGlobalSection
EndGlobal
