
Microsoft Visual Studio Solution File, Format Version 12.00
# Visual Studio Version 17
VisualStudioVersion = 17.6.33723.286
MinimumVisualStudioVersion = 10.0.40219.1
Project("{8BC9CEB8-8B4A-11D0-8D11-00A0C91BC942}") = "LAB8_3_1", "LABHW8\LABHW8.vcxproj", "{08E5D557-3EB6-4F9B-A9E2-0ECC6F322DED}"
EndProject
Project("{8BC9CEB8-8B4A-11D0-8D11-00A0C91BC942}") = "LAB8_3_2", "LAB8_3_2\LAB8_3_2.vcxproj", "{298DA98D-49D9-45E7-B3FF-1D80151384CC}"
EndProject
Project("{8BC9CEB8-8B4A-11D0-8D11-00A0C91BC942}") = "HW8_1", "HW8_1\HW8_1.vcxproj", "{9E2A8599-D920-4F8D-82B3-374AF902AA1A}"
EndProject
Project("{8BC9CEB8-8B4A-11D0-8D11-00A0C91BC942}") = "HW8_2", "HW8_2\HW8_2.vcxproj", "{F8DA3083-2BAA-4E48-BD8B-558F700830AB}"
EndProject
Project("{8BC9CEB8-8B4A-11D0-8D11-00A0C91BC942}") = "LAB8_4", "LAB8_4\LAB8_4.vcxproj", "{AACDA285-2246-4BC3-8B36-BA8D742379BE}"
EndProject
Project("{8BC9CEB8-8B4A-11D0-8D11-00A0C91BC942}") = "HW8_3", "HW8_3\HW8_3.vcxproj", "{E202A00B-FF4E-49E5-90C7-DAFEFBB5D6D6}"
EndProject
Project("{8BC9CEB8-8B4A-11D0-8D11-00A0C91BC942}") = "Project4_2", "Project4_2\Project4_2.vcxproj", "{EF837470-D65C-41BC-A32D-44FBB1B29B43}"
EndProject
Global
	GlobalSection(SolutionConfigurationPlatforms) = preSolution
		Debug|x64 = Debug|x64
		Debug|x86 = Debug|x86
		Release|x64 = Release|x64
		Release|x86 = Release|x86
	EndGlobalSection
	GlobalSection(ProjectConfigurationPlatforms) = postSolution
		{08E5D557-3EB6-4F9B-A9E2-0ECC6F322DED}.Debug|x64.ActiveCfg = Debug|x64
		{08E5D557-3EB6-4F9B-A9E2-0ECC6F322DED}.Debug|x64.Build.0 = Debug|x64
		{08E5D557-3EB6-4F9B-A9E2-0ECC6F322DED}.Debug|x86.ActiveCfg = Debug|Win32
		{08E5D557-3EB6-4F9B-A9E2-0ECC6F322DED}.Debug|x86.Build.0 = Debug|Win32
		{08E5D557-3EB6-4F9B-A9E2-0ECC6F322DED}.Release|x64.ActiveCfg = Release|x64
		{08E5D557-3EB6-4F9B-A9E2-0ECC6F322DED}.Release|x64.Build.0 = Release|x64
		{08E5D557-3EB6-4F9B-A9E2-0ECC6F322DED}.Release|x86.ActiveCfg = Release|Win32
		{08E5D557-3EB6-4F9B-A9E2-0ECC6F322DED}.Release|x86.Build.0 = Release|Win32
		{298DA98D-49D9-45E7-B3FF-1D80151384CC}.Debug|x64.ActiveCfg = Debug|x64
		{298DA98D-49D9-45E7-B3FF-1D80151384CC}.Debug|x64.Build.0 = Debug|x64
		{298DA98D-49D9-45E7-B3FF-1D80151384CC}.Debug|x86.ActiveCfg = Debug|Win32
		{298DA98D-49D9-45E7-B3FF-1D80151384CC}.Debug|x86.Build.0 = Debug|Win32
		{298DA98D-49D9-45E7-B3FF-1D80151384CC}.Release|x64.ActiveCfg = Release|x64
		{298DA98D-49D9-45E7-B3FF-1D80151384CC}.Release|x64.Build.0 = Release|x64
		{298DA98D-49D9-45E7-B3FF-1D80151384CC}.Release|x86.ActiveCfg = Release|Win32
		{298DA98D-49D9-45E7-B3FF-1D80151384CC}.Release|x86.Build.0 = Release|Win32
		{9E2A8599-D920-4F8D-82B3-374AF902AA1A}.Debug|x64.ActiveCfg = Debug|x64
		{9E2A8599-D920-4F8D-82B3-374AF902AA1A}.Debug|x64.Build.0 = Debug|x64
		{9E2A8599-D920-4F8D-82B3-374AF902AA1A}.Debug|x86.ActiveCfg = Debug|Win32
		{9E2A8599-D920-4F8D-82B3-374AF902AA1A}.Debug|x86.Build.0 = Debug|Win32
		{9E2A8599-D920-4F8D-82B3-374AF902AA1A}.Release|x64.ActiveCfg = Release|x64
		{9E2A8599-D920-4F8D-82B3-374AF902AA1A}.Release|x64.Build.0 = Release|x64
		{9E2A8599-D920-4F8D-82B3-374AF902AA1A}.Release|x86.ActiveCfg = Release|Win32
		{9E2A8599-D920-4F8D-82B3-374AF902AA1A}.Release|x86.Build.0 = Release|Win32
		{F8DA3083-2BAA-4E48-BD8B-558F700830AB}.Debug|x64.ActiveCfg = Debug|x64
		{F8DA3083-2BAA-4E48-BD8B-558F700830AB}.Debug|x64.Build.0 = Debug|x64
		{F8DA3083-2BAA-4E48-BD8B-558F700830AB}.Debug|x86.ActiveCfg = Debug|Win32
		{F8DA3083-2BAA-4E48-BD8B-558F700830AB}.Debug|x86.Build.0 = Debug|Win32
		{F8DA3083-2BAA-4E48-BD8B-558F700830AB}.Release|x64.ActiveCfg = Release|x64
		{F8DA3083-2BAA-4E48-BD8B-558F700830AB}.Release|x64.Build.0 = Release|x64
		{F8DA3083-2BAA-4E48-BD8B-558F700830AB}.Release|x86.ActiveCfg = Release|Win32
		{F8DA3083-2BAA-4E48-BD8B-558F700830AB}.Release|x86.Build.0 = Release|Win32
		{AACDA285-2246-4BC3-8B36-BA8D742379BE}.Debug|x64.ActiveCfg = Debug|x64
		{AACDA285-2246-4BC3-8B36-BA8D742379BE}.Debug|x64.Build.0 = Debug|x64
		{AACDA285-2246-4BC3-8B36-BA8D742379BE}.Debug|x86.ActiveCfg = Debug|Win32
		{AACDA285-2246-4BC3-8B36-BA8D742379BE}.Debug|x86.Build.0 = Debug|Win32
		{AACDA285-2246-4BC3-8B36-BA8D742379BE}.Release|x64.ActiveCfg = Release|x64
		{AACDA285-2246-4BC3-8B36-BA8D742379BE}.Release|x64.Build.0 = Release|x64
		{AACDA285-2246-4BC3-8B36-BA8D742379BE}.Release|x86.ActiveCfg = Release|Win32
		{AACDA285-2246-4BC3-8B36-BA8D742379BE}.Release|x86.Build.0 = Release|Win32
		{E202A00B-FF4E-49E5-90C7-DAFEFBB5D6D6}.Debug|x64.ActiveCfg = Debug|x64
		{E202A00B-FF4E-49E5-90C7-DAFEFBB5D6D6}.Debug|x64.Build.0 = Debug|x64
		{E202A00B-FF4E-49E5-90C7-DAFEFBB5D6D6}.Debug|x86.ActiveCfg = Debug|Win32
		{E202A00B-FF4E-49E5-90C7-DAFEFBB5D6D6}.Debug|x86.Build.0 = Debug|Win32
		{E202A00B-FF4E-49E5-90C7-DAFEFBB5D6D6}.Release|x64.ActiveCfg = Release|x64
		{E202A00B-FF4E-49E5-90C7-DAFEFBB5D6D6}.Release|x64.Build.0 = Release|x64
		{E202A00B-FF4E-49E5-90C7-DAFEFBB5D6D6}.Release|x86.ActiveCfg = Release|Win32
		{E202A00B-FF4E-49E5-90C7-DAFEFBB5D6D6}.Release|x86.Build.0 = Release|Win32
		{EF837470-D65C-41BC-A32D-44FBB1B29B43}.Debug|x64.ActiveCfg = Debug|x64
		{EF837470-D65C-41BC-A32D-44FBB1B29B43}.Debug|x64.Build.0 = Debug|x64
		{EF837470-D65C-41BC-A32D-44FBB1B29B43}.Debug|x86.ActiveCfg = Debug|Win32
		{EF837470-D65C-41BC-A32D-44FBB1B29B43}.Debug|x86.Build.0 = Debug|Win32
		{EF837470-D65C-41BC-A32D-44FBB1B29B43}.Release|x64.ActiveCfg = Release|x64
		{EF837470-D65C-41BC-A32D-44FBB1B29B43}.Release|x64.Build.0 = Release|x64
		{EF837470-D65C-41BC-A32D-44FBB1B29B43}.Release|x86.ActiveCfg = Release|Win32
		{EF837470-D65C-41BC-A32D-44FBB1B29B43}.Release|x86.Build.0 = Release|Win32
	EndGlobalSection
	GlobalSection(SolutionProperties) = preSolution
		HideSolutionNode = FALSE
	EndGlobalSection
	GlobalSection(ExtensibilityGlobals) = postSolution
		SolutionGuid = {41692743-8F3B-4052-A984-AE4AC52432A0}
	EndGlobalSection
EndGlobal
