
Microsoft Visual Studio Solution File, Format Version 12.00
# Visual Studio Version 17
VisualStudioVersion = 17.6.33723.286
MinimumVisualStudioVersion = 10.0.40219.1
Project("{8BC9CEB8-8B4A-11D0-8D11-00A0C91BC942}") = "LAB5a_2", "LABHW5\LABHW5.vcxproj", "{8D8ED7AD-933C-4DDA-9D9F-8EFDE746AAC6}"
EndProject
Project("{8BC9CEB8-8B4A-11D0-8D11-00A0C91BC942}") = "HW5a_2", "HW5a_2\HW5a_2.vcxproj", "{66C81888-2CA4-443A-AFA2-8D099E141129}"
EndProject
Project("{8BC9CEB8-8B4A-11D0-8D11-00A0C91BC942}") = "LAB5a", "LAB5a\LAB5a.vcxproj", "{7309FB58-0B12-425B-8F3E-EC2EBB6D6ECC}"
EndProject
Project("{8BC9CEB8-8B4A-11D0-8D11-00A0C91BC942}") = "HW5a_1", "HW5a_1\HW5a_1.vcxproj", "{DAC0DE22-FEC9-47DE-A583-ECD1FF5C3CFD}"
EndProject
Project("{8BC9CEB8-8B4A-11D0-8D11-00A0C91BC942}") = "HW", "HW\HW.vcxproj", "{B8939B42-E313-4A1B-A1DF-8742536B0C69}"
EndProject
Project("{8BC9CEB8-8B4A-11D0-8D11-00A0C91BC942}") = "Challenge5_1", "Challenge5_1\Challenge5_1.vcxproj", "{2890B155-9E5C-49B3-8576-957F44EB74F6}"
EndProject
Global
	GlobalSection(SolutionConfigurationPlatforms) = preSolution
		Debug|x64 = Debug|x64
		Debug|x86 = Debug|x86
		Release|x64 = Release|x64
		Release|x86 = Release|x86
	EndGlobalSection
	GlobalSection(ProjectConfigurationPlatforms) = postSolution
		{8D8ED7AD-933C-4DDA-9D9F-8EFDE746AAC6}.Debug|x64.ActiveCfg = Debug|x64
		{8D8ED7AD-933C-4DDA-9D9F-8EFDE746AAC6}.Debug|x64.Build.0 = Debug|x64
		{8D8ED7AD-933C-4DDA-9D9F-8EFDE746AAC6}.Debug|x86.ActiveCfg = Debug|Win32
		{8D8ED7AD-933C-4DDA-9D9F-8EFDE746AAC6}.Debug|x86.Build.0 = Debug|Win32
		{8D8ED7AD-933C-4DDA-9D9F-8EFDE746AAC6}.Release|x64.ActiveCfg = Release|x64
		{8D8ED7AD-933C-4DDA-9D9F-8EFDE746AAC6}.Release|x64.Build.0 = Release|x64
		{8D8ED7AD-933C-4DDA-9D9F-8EFDE746AAC6}.Release|x86.ActiveCfg = Release|Win32
		{8D8ED7AD-933C-4DDA-9D9F-8EFDE746AAC6}.Release|x86.Build.0 = Release|Win32
		{66C81888-2CA4-443A-AFA2-8D099E141129}.Debug|x64.ActiveCfg = Debug|x64
		{66C81888-2CA4-443A-AFA2-8D099E141129}.Debug|x64.Build.0 = Debug|x64
		{66C81888-2CA4-443A-AFA2-8D099E141129}.Debug|x86.ActiveCfg = Debug|Win32
		{66C81888-2CA4-443A-AFA2-8D099E141129}.Debug|x86.Build.0 = Debug|Win32
		{66C81888-2CA4-443A-AFA2-8D099E141129}.Release|x64.ActiveCfg = Release|x64
		{66C81888-2CA4-443A-AFA2-8D099E141129}.Release|x64.Build.0 = Release|x64
		{66C81888-2CA4-443A-AFA2-8D099E141129}.Release|x86.ActiveCfg = Release|Win32
		{66C81888-2CA4-443A-AFA2-8D099E141129}.Release|x86.Build.0 = Release|Win32
		{7309FB58-0B12-425B-8F3E-EC2EBB6D6ECC}.Debug|x64.ActiveCfg = Debug|x64
		{7309FB58-0B12-425B-8F3E-EC2EBB6D6ECC}.Debug|x64.Build.0 = Debug|x64
		{7309FB58-0B12-425B-8F3E-EC2EBB6D6ECC}.Debug|x86.ActiveCfg = Debug|Win32
		{7309FB58-0B12-425B-8F3E-EC2EBB6D6ECC}.Debug|x86.Build.0 = Debug|Win32
		{7309FB58-0B12-425B-8F3E-EC2EBB6D6ECC}.Release|x64.ActiveCfg = Release|x64
		{7309FB58-0B12-425B-8F3E-EC2EBB6D6ECC}.Release|x64.Build.0 = Release|x64
		{7309FB58-0B12-425B-8F3E-EC2EBB6D6ECC}.Release|x86.ActiveCfg = Release|Win32
		{7309FB58-0B12-425B-8F3E-EC2EBB6D6ECC}.Release|x86.Build.0 = Release|Win32
		{DAC0DE22-FEC9-47DE-A583-ECD1FF5C3CFD}.Debug|x64.ActiveCfg = Debug|x64
		{DAC0DE22-FEC9-47DE-A583-ECD1FF5C3CFD}.Debug|x64.Build.0 = Debug|x64
		{DAC0DE22-FEC9-47DE-A583-ECD1FF5C3CFD}.Debug|x86.ActiveCfg = Debug|Win32
		{DAC0DE22-FEC9-47DE-A583-ECD1FF5C3CFD}.Debug|x86.Build.0 = Debug|Win32
		{DAC0DE22-FEC9-47DE-A583-ECD1FF5C3CFD}.Release|x64.ActiveCfg = Release|x64
		{DAC0DE22-FEC9-47DE-A583-ECD1FF5C3CFD}.Release|x64.Build.0 = Release|x64
		{DAC0DE22-FEC9-47DE-A583-ECD1FF5C3CFD}.Release|x86.ActiveCfg = Release|Win32
		{DAC0DE22-FEC9-47DE-A583-ECD1FF5C3CFD}.Release|x86.Build.0 = Release|Win32
		{B8939B42-E313-4A1B-A1DF-8742536B0C69}.Debug|x64.ActiveCfg = Debug|x64
		{B8939B42-E313-4A1B-A1DF-8742536B0C69}.Debug|x64.Build.0 = Debug|x64
		{B8939B42-E313-4A1B-A1DF-8742536B0C69}.Debug|x86.ActiveCfg = Debug|Win32
		{B8939B42-E313-4A1B-A1DF-8742536B0C69}.Debug|x86.Build.0 = Debug|Win32
		{B8939B42-E313-4A1B-A1DF-8742536B0C69}.Release|x64.ActiveCfg = Release|x64
		{B8939B42-E313-4A1B-A1DF-8742536B0C69}.Release|x64.Build.0 = Release|x64
		{B8939B42-E313-4A1B-A1DF-8742536B0C69}.Release|x86.ActiveCfg = Release|Win32
		{B8939B42-E313-4A1B-A1DF-8742536B0C69}.Release|x86.Build.0 = Release|Win32
		{2890B155-9E5C-49B3-8576-957F44EB74F6}.Debug|x64.ActiveCfg = Debug|x64
		{2890B155-9E5C-49B3-8576-957F44EB74F6}.Debug|x64.Build.0 = Debug|x64
		{2890B155-9E5C-49B3-8576-957F44EB74F6}.Debug|x86.ActiveCfg = Debug|Win32
		{2890B155-9E5C-49B3-8576-957F44EB74F6}.Debug|x86.Build.0 = Debug|Win32
		{2890B155-9E5C-49B3-8576-957F44EB74F6}.Release|x64.ActiveCfg = Release|x64
		{2890B155-9E5C-49B3-8576-957F44EB74F6}.Release|x64.Build.0 = Release|x64
		{2890B155-9E5C-49B3-8576-957F44EB74F6}.Release|x86.ActiveCfg = Release|Win32
		{2890B155-9E5C-49B3-8576-957F44EB74F6}.Release|x86.Build.0 = Release|Win32
	EndGlobalSection
	GlobalSection(SolutionProperties) = preSolution
		HideSolutionNode = FALSE
	EndGlobalSection
	GlobalSection(ExtensibilityGlobals) = postSolution
		SolutionGuid = {6A570C0E-2CB7-4C61-BE1C-C32A72A63F03}
	EndGlobalSection
EndGlobal
