
Microsoft Visual Studio Solution File, Format Version 12.00
# Visual Studio Version 17
VisualStudioVersion = 17.6.33723.286
MinimumVisualStudioVersion = 10.0.40219.1
Project("{8BC9CEB8-8B4A-11D0-8D11-00A0C91BC942}") = "LABHW11", "LABHW11\LABHW11.vcxproj", "{D8920CE9-E0C6-410D-A090-A08DF25060BA}"
EndProject
Project("{8BC9CEB8-8B4A-11D0-8D11-00A0C91BC942}") = "Project3_1", "Project3_1\Project3_1.vcxproj", "{20713638-C4A5-438F-890B-507C5656FBED}"
EndProject
Project("{8BC9CEB8-8B4A-11D0-8D11-00A0C91BC942}") = "HW13_1", "HW13_1\HW13_1.vcxproj", "{634139AB-217E-4725-A3CB-21591B3D1864}"
EndProject
Project("{8BC9CEB8-8B4A-11D0-8D11-00A0C91BC942}") = "HW11_2", "HW11_2\HW11_2.vcxproj", "{C2645163-C557-4D8F-A84C-B75A5EC2B907}"
EndProject
Project("{8BC9CEB8-8B4A-11D0-8D11-00A0C91BC942}") = "LAB10_0_2", "LAB10_0_2\LAB10_0_2.vcxproj", "{8C7CE063-99DB-4D9C-83C7-63D4FC1165FD}"
EndProject
Project("{8BC9CEB8-8B4A-11D0-8D11-00A0C91BC942}") = "LAB10_0_3", "LAB10_0_3\LAB10_0_3.vcxproj", "{C62457E5-8B4F-4084-9BA9-0A4A10FADA8C}"
EndProject
Project("{8BC9CEB8-8B4A-11D0-8D11-00A0C91BC942}") = "LAB11_1_1", "LAB11_1_1\LAB11_1_1.vcxproj", "{8B90875E-D8CF-4499-892E-7AA29A2B55FC}"
EndProject
Project("{8BC9CEB8-8B4A-11D0-8D11-00A0C91BC942}") = "LAB11_2_0", "LAB11_2_0\LAB11_2_0.vcxproj", "{934D061D-DD7A-4746-ADB6-E72650A65E2C}"
EndProject
Project("{8BC9CEB8-8B4A-11D0-8D11-00A0C91BC942}") = "LAB11_2_1", "LAB11_2_1\LAB11_2_1.vcxproj", "{30771AFB-BCA1-4940-AAFD-FB2E52F0DDD8}"
EndProject
Project("{8BC9CEB8-8B4A-11D0-8D11-00A0C91BC942}") = "LAB11_1_2", "LAB11_1_2\LAB11_1_2.vcxproj", "{9DEA1080-8C5C-4C92-9B69-D643FD6A76B7}"
EndProject
Project("{8BC9CEB8-8B4A-11D0-8D11-00A0C91BC942}") = "Challenge11_1", "Challenge11_1\Challenge11_1.vcxproj", "{87E9AF9E-A5F8-4643-91AD-2C1692C2C65A}"
EndProject
Project("{8BC9CEB8-8B4A-11D0-8D11-00A0C91BC942}") = "HW11_1", "HW11_1\HW11_1.vcxproj", "{0CAE451C-813A-4572-80B0-BAEBE02EF650}"
EndProject
Global
	GlobalSection(SolutionConfigurationPlatforms) = preSolution
		Debug|x64 = Debug|x64
		Debug|x86 = Debug|x86
		Release|x64 = Release|x64
		Release|x86 = Release|x86
	EndGlobalSection
	GlobalSection(ProjectConfigurationPlatforms) = postSolution
		{D8920CE9-E0C6-410D-A090-A08DF25060BA}.Debug|x64.ActiveCfg = Debug|x64
		{D8920CE9-E0C6-410D-A090-A08DF25060BA}.Debug|x64.Build.0 = Debug|x64
		{D8920CE9-E0C6-410D-A090-A08DF25060BA}.Debug|x86.ActiveCfg = Debug|Win32
		{D8920CE9-E0C6-410D-A090-A08DF25060BA}.Debug|x86.Build.0 = Debug|Win32
		{D8920CE9-E0C6-410D-A090-A08DF25060BA}.Release|x64.ActiveCfg = Release|x64
		{D8920CE9-E0C6-410D-A090-A08DF25060BA}.Release|x64.Build.0 = Release|x64
		{D8920CE9-E0C6-410D-A090-A08DF25060BA}.Release|x86.ActiveCfg = Release|Win32
		{D8920CE9-E0C6-410D-A090-A08DF25060BA}.Release|x86.Build.0 = Release|Win32
		{20713638-C4A5-438F-890B-507C5656FBED}.Debug|x64.ActiveCfg = Debug|x64
		{20713638-C4A5-438F-890B-507C5656FBED}.Debug|x64.Build.0 = Debug|x64
		{20713638-C4A5-438F-890B-507C5656FBED}.Debug|x86.ActiveCfg = Debug|Win32
		{20713638-C4A5-438F-890B-507C5656FBED}.Debug|x86.Build.0 = Debug|Win32
		{20713638-C4A5-438F-890B-507C5656FBED}.Release|x64.ActiveCfg = Release|x64
		{20713638-C4A5-438F-890B-507C5656FBED}.Release|x64.Build.0 = Release|x64
		{20713638-C4A5-438F-890B-507C5656FBED}.Release|x86.ActiveCfg = Release|Win32
		{20713638-C4A5-438F-890B-507C5656FBED}.Release|x86.Build.0 = Release|Win32
		{634139AB-217E-4725-A3CB-21591B3D1864}.Debug|x64.ActiveCfg = Debug|x64
		{634139AB-217E-4725-A3CB-21591B3D1864}.Debug|x64.Build.0 = Debug|x64
		{634139AB-217E-4725-A3CB-21591B3D1864}.Debug|x86.ActiveCfg = Debug|Win32
		{634139AB-217E-4725-A3CB-21591B3D1864}.Debug|x86.Build.0 = Debug|Win32
		{634139AB-217E-4725-A3CB-21591B3D1864}.Release|x64.ActiveCfg = Release|x64
		{634139AB-217E-4725-A3CB-21591B3D1864}.Release|x64.Build.0 = Release|x64
		{634139AB-217E-4725-A3CB-21591B3D1864}.Release|x86.ActiveCfg = Release|Win32
		{634139AB-217E-4725-A3CB-21591B3D1864}.Release|x86.Build.0 = Release|Win32
		{C2645163-C557-4D8F-A84C-B75A5EC2B907}.Debug|x64.ActiveCfg = Debug|x64
		{C2645163-C557-4D8F-A84C-B75A5EC2B907}.Debug|x64.Build.0 = Debug|x64
		{C2645163-C557-4D8F-A84C-B75A5EC2B907}.Debug|x86.ActiveCfg = Debug|Win32
		{C2645163-C557-4D8F-A84C-B75A5EC2B907}.Debug|x86.Build.0 = Debug|Win32
		{C2645163-C557-4D8F-A84C-B75A5EC2B907}.Release|x64.ActiveCfg = Release|x64
		{C2645163-C557-4D8F-A84C-B75A5EC2B907}.Release|x64.Build.0 = Release|x64
		{C2645163-C557-4D8F-A84C-B75A5EC2B907}.Release|x86.ActiveCfg = Release|Win32
		{C2645163-C557-4D8F-A84C-B75A5EC2B907}.Release|x86.Build.0 = Release|Win32
		{8C7CE063-99DB-4D9C-83C7-63D4FC1165FD}.Debug|x64.ActiveCfg = Debug|x64
		{8C7CE063-99DB-4D9C-83C7-63D4FC1165FD}.Debug|x64.Build.0 = Debug|x64
		{8C7CE063-99DB-4D9C-83C7-63D4FC1165FD}.Debug|x86.ActiveCfg = Debug|Win32
		{8C7CE063-99DB-4D9C-83C7-63D4FC1165FD}.Debug|x86.Build.0 = Debug|Win32
		{8C7CE063-99DB-4D9C-83C7-63D4FC1165FD}.Release|x64.ActiveCfg = Release|x64
		{8C7CE063-99DB-4D9C-83C7-63D4FC1165FD}.Release|x64.Build.0 = Release|x64
		{8C7CE063-99DB-4D9C-83C7-63D4FC1165FD}.Release|x86.ActiveCfg = Release|Win32
		{8C7CE063-99DB-4D9C-83C7-63D4FC1165FD}.Release|x86.Build.0 = Release|Win32
		{C62457E5-8B4F-4084-9BA9-0A4A10FADA8C}.Debug|x64.ActiveCfg = Debug|x64
		{C62457E5-8B4F-4084-9BA9-0A4A10FADA8C}.Debug|x64.Build.0 = Debug|x64
		{C62457E5-8B4F-4084-9BA9-0A4A10FADA8C}.Debug|x86.ActiveCfg = Debug|Win32
		{C62457E5-8B4F-4084-9BA9-0A4A10FADA8C}.Debug|x86.Build.0 = Debug|Win32
		{C62457E5-8B4F-4084-9BA9-0A4A10FADA8C}.Release|x64.ActiveCfg = Release|x64
		{C62457E5-8B4F-4084-9BA9-0A4A10FADA8C}.Release|x64.Build.0 = Release|x64
		{C62457E5-8B4F-4084-9BA9-0A4A10FADA8C}.Release|x86.ActiveCfg = Release|Win32
		{C62457E5-8B4F-4084-9BA9-0A4A10FADA8C}.Release|x86.Build.0 = Release|Win32
		{8B90875E-D8CF-4499-892E-7AA29A2B55FC}.Debug|x64.ActiveCfg = Debug|x64
		{8B90875E-D8CF-4499-892E-7AA29A2B55FC}.Debug|x64.Build.0 = Debug|x64
		{8B90875E-D8CF-4499-892E-7AA29A2B55FC}.Debug|x86.ActiveCfg = Debug|Win32
		{8B90875E-D8CF-4499-892E-7AA29A2B55FC}.Debug|x86.Build.0 = Debug|Win32
		{8B90875E-D8CF-4499-892E-7AA29A2B55FC}.Release|x64.ActiveCfg = Release|x64
		{8B90875E-D8CF-4499-892E-7AA29A2B55FC}.Release|x64.Build.0 = Release|x64
		{8B90875E-D8CF-4499-892E-7AA29A2B55FC}.Release|x86.ActiveCfg = Release|Win32
		{8B90875E-D8CF-4499-892E-7AA29A2B55FC}.Release|x86.Build.0 = Release|Win32
		{934D061D-DD7A-4746-ADB6-E72650A65E2C}.Debug|x64.ActiveCfg = Debug|x64
		{934D061D-DD7A-4746-ADB6-E72650A65E2C}.Debug|x64.Build.0 = Debug|x64
		{934D061D-DD7A-4746-ADB6-E72650A65E2C}.Debug|x86.ActiveCfg = Debug|Win32
		{934D061D-DD7A-4746-ADB6-E72650A65E2C}.Debug|x86.Build.0 = Debug|Win32
		{934D061D-DD7A-4746-ADB6-E72650A65E2C}.Release|x64.ActiveCfg = Release|x64
		{934D061D-DD7A-4746-ADB6-E72650A65E2C}.Release|x64.Build.0 = Release|x64
		{934D061D-DD7A-4746-ADB6-E72650A65E2C}.Release|x86.ActiveCfg = Release|Win32
		{934D061D-DD7A-4746-ADB6-E72650A65E2C}.Release|x86.Build.0 = Release|Win32
		{30771AFB-BCA1-4940-AAFD-FB2E52F0DDD8}.Debug|x64.ActiveCfg = Debug|x64
		{30771AFB-BCA1-4940-AAFD-FB2E52F0DDD8}.Debug|x64.Build.0 = Debug|x64
		{30771AFB-BCA1-4940-AAFD-FB2E52F0DDD8}.Debug|x86.ActiveCfg = Debug|Win32
		{30771AFB-BCA1-4940-AAFD-FB2E52F0DDD8}.Debug|x86.Build.0 = Debug|Win32
		{30771AFB-BCA1-4940-AAFD-FB2E52F0DDD8}.Release|x64.ActiveCfg = Release|x64
		{30771AFB-BCA1-4940-AAFD-FB2E52F0DDD8}.Release|x64.Build.0 = Release|x64
		{30771AFB-BCA1-4940-AAFD-FB2E52F0DDD8}.Release|x86.ActiveCfg = Release|Win32
		{30771AFB-BCA1-4940-AAFD-FB2E52F0DDD8}.Release|x86.Build.0 = Release|Win32
		{9DEA1080-8C5C-4C92-9B69-D643FD6A76B7}.Debug|x64.ActiveCfg = Debug|x64
		{9DEA1080-8C5C-4C92-9B69-D643FD6A76B7}.Debug|x64.Build.0 = Debug|x64
		{9DEA1080-8C5C-4C92-9B69-D643FD6A76B7}.Debug|x86.ActiveCfg = Debug|Win32
		{9DEA1080-8C5C-4C92-9B69-D643FD6A76B7}.Debug|x86.Build.0 = Debug|Win32
		{9DEA1080-8C5C-4C92-9B69-D643FD6A76B7}.Release|x64.ActiveCfg = Release|x64
		{9DEA1080-8C5C-4C92-9B69-D643FD6A76B7}.Release|x64.Build.0 = Release|x64
		{9DEA1080-8C5C-4C92-9B69-D643FD6A76B7}.Release|x86.ActiveCfg = Release|Win32
		{9DEA1080-8C5C-4C92-9B69-D643FD6A76B7}.Release|x86.Build.0 = Release|Win32
		{87E9AF9E-A5F8-4643-91AD-2C1692C2C65A}.Debug|x64.ActiveCfg = Debug|x64
		{87E9AF9E-A5F8-4643-91AD-2C1692C2C65A}.Debug|x64.Build.0 = Debug|x64
		{87E9AF9E-A5F8-4643-91AD-2C1692C2C65A}.Debug|x86.ActiveCfg = Debug|Win32
		{87E9AF9E-A5F8-4643-91AD-2C1692C2C65A}.Debug|x86.Build.0 = Debug|Win32
		{87E9AF9E-A5F8-4643-91AD-2C1692C2C65A}.Release|x64.ActiveCfg = Release|x64
		{87E9AF9E-A5F8-4643-91AD-2C1692C2C65A}.Release|x64.Build.0 = Release|x64
		{87E9AF9E-A5F8-4643-91AD-2C1692C2C65A}.Release|x86.ActiveCfg = Release|Win32
		{87E9AF9E-A5F8-4643-91AD-2C1692C2C65A}.Release|x86.Build.0 = Release|Win32
		{0CAE451C-813A-4572-80B0-BAEBE02EF650}.Debug|x64.ActiveCfg = Debug|x64
		{0CAE451C-813A-4572-80B0-BAEBE02EF650}.Debug|x64.Build.0 = Debug|x64
		{0CAE451C-813A-4572-80B0-BAEBE02EF650}.Debug|x86.ActiveCfg = Debug|Win32
		{0CAE451C-813A-4572-80B0-BAEBE02EF650}.Debug|x86.Build.0 = Debug|Win32
		{0CAE451C-813A-4572-80B0-BAEBE02EF650}.Release|x64.ActiveCfg = Release|x64
		{0CAE451C-813A-4572-80B0-BAEBE02EF650}.Release|x64.Build.0 = Release|x64
		{0CAE451C-813A-4572-80B0-BAEBE02EF650}.Release|x86.ActiveCfg = Release|Win32
		{0CAE451C-813A-4572-80B0-BAEBE02EF650}.Release|x86.Build.0 = Release|Win32
	EndGlobalSection
	GlobalSection(SolutionProperties) = preSolution
		HideSolutionNode = FALSE
	EndGlobalSection
	GlobalSection(ExtensibilityGlobals) = postSolution
		SolutionGuid = {4E2DF017-7E94-47E0-A246-D41FF6BC4C87}
	EndGlobalSection
EndGlobal
