
Microsoft Visual Studio Solution File, Format Version 12.00
# Visual Studio Version 16
VisualStudioVersion = 16.0.30114.105
MinimumVisualStudioVersion = 10.0.40219.1
Project("{8BC9CEB8-8B4A-11D0-8D11-00A0C91BC942}") = "Project1", "Project1\Project1.vcxproj", "{B82B9AC1-1B8C-4C0B-B15A-CB8C87AEC69D}"
EndProject
Global
	GlobalSection(SolutionConfigurationPlatforms) = preSolution
		Debug|x64 = Debug|x64
		Debug|x86 = Debug|x86
		Release|x64 = Release|x64
		Release|x86 = Release|x86
	EndGlobalSection
	GlobalSection(ProjectConfigurationPlatforms) = postSolution
		{B82B9AC1-1B8C-4C0B-B15A-CB8C87AEC69D}.Debug|x64.ActiveCfg = Debug|x64
		{B82B9AC1-1B8C-4C0B-B15A-CB8C87AEC69D}.Debug|x64.Build.0 = Debug|x64
		{B82B9AC1-1B8C-4C0B-B15A-CB8C87AEC69D}.Debug|x86.ActiveCfg = Debug|Win32
		{B82B9AC1-1B8C-4C0B-B15A-CB8C87AEC69D}.Debug|x86.Build.0 = Debug|Win32
		{B82B9AC1-1B8C-4C0B-B15A-CB8C87AEC69D}.Release|x64.ActiveCfg = Release|x64
		{B82B9AC1-1B8C-4C0B-B15A-CB8C87AEC69D}.Release|x64.Build.0 = Release|x64
		{B82B9AC1-1B8C-4C0B-B15A-CB8C87AEC69D}.Release|x86.ActiveCfg = Release|Win32
		{B82B9AC1-1B8C-4C0B-B15A-CB8C87AEC69D}.Release|x86.Build.0 = Release|Win32
	EndGlobalSection
	GlobalSection(SolutionProperties) = preSolution
		HideSolutionNode = FALSE
	EndGlobalSection
	GlobalSection(ExtensibilityGlobals) = postSolution
		SolutionGuid = {23ADDC54-FB5D-4AA3-B542-B10B8A73F165}
	EndGlobalSection
EndGlobal
