
Microsoft Visual Studio Solution File, Format Version 12.00
# Visual Studio Version 17
VisualStudioVersion = 17.6.33723.286
MinimumVisualStudioVersion = 10.0.40219.1
Project("{8BC9CEB8-8B4A-11D0-8D11-00A0C91BC942}") = "LABHW12_total", "LABHW12_total\LABHW12_total.vcxproj", "{246A87AA-8076-48E2-BBBF-23F6B32BC3A3}"
EndProject
Global
	GlobalSection(SolutionConfigurationPlatforms) = preSolution
		Debug|x64 = Debug|x64
		Debug|x86 = Debug|x86
		Release|x64 = Release|x64
		Release|x86 = Release|x86
	EndGlobalSection
	GlobalSection(ProjectConfigurationPlatforms) = postSolution
		{246A87AA-8076-48E2-BBBF-23F6B32BC3A3}.Debug|x64.ActiveCfg = Debug|x64
		{246A87AA-8076-48E2-BBBF-23F6B32BC3A3}.Debug|x64.Build.0 = Debug|x64
		{246A87AA-8076-48E2-BBBF-23F6B32BC3A3}.Debug|x86.ActiveCfg = Debug|Win32
		{246A87AA-8076-48E2-BBBF-23F6B32BC3A3}.Debug|x86.Build.0 = Debug|Win32
		{246A87AA-8076-48E2-BBBF-23F6B32BC3A3}.Release|x64.ActiveCfg = Release|x64
		{246A87AA-8076-48E2-BBBF-23F6B32BC3A3}.Release|x64.Build.0 = Release|x64
		{246A87AA-8076-48E2-BBBF-23F6B32BC3A3}.Release|x86.ActiveCfg = Release|Win32
		{246A87AA-8076-48E2-BBBF-23F6B32BC3A3}.Release|x86.Build.0 = Release|Win32
	EndGlobalSection
	GlobalSection(SolutionProperties) = preSolution
		HideSolutionNode = FALSE
	EndGlobalSection
	GlobalSection(ExtensibilityGlobals) = postSolution
		SolutionGuid = {69A07D54-986C-479F-8909-0BB5CC85BE68}
	EndGlobalSection
EndGlobal
