
Microsoft Visual Studio Solution File, Format Version 12.00
# Visual Studio Version 17
VisualStudioVersion = 17.6.33723.286
MinimumVisualStudioVersion = 10.0.40219.1
Project("{8BC9CEB8-8B4A-11D0-8D11-00A0C91BC942}") = "LAB7_3", "LABHW7\LABHW7.vcxproj", "{C6836D15-7679-4A08-8558-DD31E1BCCE4A}"
EndProject
Project("{8BC9CEB8-8B4A-11D0-8D11-00A0C91BC942}") = "HW6_2", "HW6_2\HW6_2.vcxproj", "{704B0AC7-A499-49C7-891E-2522D2460DF3}"
EndProject
Project("{8BC9CEB8-8B4A-11D0-8D11-00A0C91BC942}") = "HW7_1", "HW7_1\HW7_1.vcxproj", "{FD21FC78-4047-4926-85FD-7CC33DCC5DB3}"
EndProject
Project("{8BC9CEB8-8B4A-11D0-8D11-00A0C91BC942}") = "HW7_2", "HW7_2\HW7_2.vcxproj", "{5D4C18D4-CAFF-4DB7-90BA-7EF56AE18530}"
EndProject
Project("{8BC9CEB8-8B4A-11D0-8D11-00A0C91BC942}") = "LAB1", "LAB1\LAB1.vcxproj", "{73276977-D797-4F01-BB9F-F7A396BE7A7E}"
EndProject
Project("{8BC9CEB8-8B4A-11D0-8D11-00A0C91BC942}") = "LAB2", "LAB2\LAB2.vcxproj", "{425ED0CA-C5CA-4485-98BD-486C4F9377D3}"
EndProject
Project("{8BC9CEB8-8B4A-11D0-8D11-00A0C91BC942}") = "HW6_3", "HW6_3\HW6_3.vcxproj", "{45EF5EF6-03F3-4379-BFF0-DB2F35BDE152}"
EndProject
Project("{8BC9CEB8-8B4A-11D0-8D11-00A0C91BC942}") = "Challenge6b", "Challenge6b\Challenge6b.vcxproj", "{F61B9131-7BB0-4A50-8E34-152ECC1D4F90}"
EndProject
Project("{8BC9CEB8-8B4A-11D0-8D11-00A0C91BC942}") = "Project1", "Project1\Project1.vcxproj", "{5C20842B-7F90-4A39-9638-54CADD5B1797}"
EndProject
Global
	GlobalSection(SolutionConfigurationPlatforms) = preSolution
		Debug|x64 = Debug|x64
		Debug|x86 = Debug|x86
		Release|x64 = Release|x64
		Release|x86 = Release|x86
	EndGlobalSection
	GlobalSection(ProjectConfigurationPlatforms) = postSolution
		{C6836D15-7679-4A08-8558-DD31E1BCCE4A}.Debug|x64.ActiveCfg = Debug|x64
		{C6836D15-7679-4A08-8558-DD31E1BCCE4A}.Debug|x64.Build.0 = Debug|x64
		{C6836D15-7679-4A08-8558-DD31E1BCCE4A}.Debug|x86.ActiveCfg = Debug|Win32
		{C6836D15-7679-4A08-8558-DD31E1BCCE4A}.Debug|x86.Build.0 = Debug|Win32
		{C6836D15-7679-4A08-8558-DD31E1BCCE4A}.Release|x64.ActiveCfg = Release|x64
		{C6836D15-7679-4A08-8558-DD31E1BCCE4A}.Release|x64.Build.0 = Release|x64
		{C6836D15-7679-4A08-8558-DD31E1BCCE4A}.Release|x86.ActiveCfg = Release|Win32
		{C6836D15-7679-4A08-8558-DD31E1BCCE4A}.Release|x86.Build.0 = Release|Win32
		{704B0AC7-A499-49C7-891E-2522D2460DF3}.Debug|x64.ActiveCfg = Debug|x64
		{704B0AC7-A499-49C7-891E-2522D2460DF3}.Debug|x64.Build.0 = Debug|x64
		{704B0AC7-A499-49C7-891E-2522D2460DF3}.Debug|x86.ActiveCfg = Debug|Win32
		{704B0AC7-A499-49C7-891E-2522D2460DF3}.Debug|x86.Build.0 = Debug|Win32
		{704B0AC7-A499-49C7-891E-2522D2460DF3}.Release|x64.ActiveCfg = Release|x64
		{704B0AC7-A499-49C7-891E-2522D2460DF3}.Release|x64.Build.0 = Release|x64
		{704B0AC7-A499-49C7-891E-2522D2460DF3}.Release|x86.ActiveCfg = Release|Win32
		{704B0AC7-A499-49C7-891E-2522D2460DF3}.Release|x86.Build.0 = Release|Win32
		{FD21FC78-4047-4926-85FD-7CC33DCC5DB3}.Debug|x64.ActiveCfg = Debug|x64
		{FD21FC78-4047-4926-85FD-7CC33DCC5DB3}.Debug|x64.Build.0 = Debug|x64
		{FD21FC78-4047-4926-85FD-7CC33DCC5DB3}.Debug|x86.ActiveCfg = Debug|Win32
		{FD21FC78-4047-4926-85FD-7CC33DCC5DB3}.Debug|x86.Build.0 = Debug|Win32
		{FD21FC78-4047-4926-85FD-7CC33DCC5DB3}.Release|x64.ActiveCfg = Release|x64
		{FD21FC78-4047-4926-85FD-7CC33DCC5DB3}.Release|x64.Build.0 = Release|x64
		{FD21FC78-4047-4926-85FD-7CC33DCC5DB3}.Release|x86.ActiveCfg = Release|Win32
		{FD21FC78-4047-4926-85FD-7CC33DCC5DB3}.Release|x86.Build.0 = Release|Win32
		{5D4C18D4-CAFF-4DB7-90BA-7EF56AE18530}.Debug|x64.ActiveCfg = Debug|x64
		{5D4C18D4-CAFF-4DB7-90BA-7EF56AE18530}.Debug|x64.Build.0 = Debug|x64
		{5D4C18D4-CAFF-4DB7-90BA-7EF56AE18530}.Debug|x86.ActiveCfg = Debug|Win32
		{5D4C18D4-CAFF-4DB7-90BA-7EF56AE18530}.Debug|x86.Build.0 = Debug|Win32
		{5D4C18D4-CAFF-4DB7-90BA-7EF56AE18530}.Release|x64.ActiveCfg = Release|x64
		{5D4C18D4-CAFF-4DB7-90BA-7EF56AE18530}.Release|x64.Build.0 = Release|x64
		{5D4C18D4-CAFF-4DB7-90BA-7EF56AE18530}.Release|x86.ActiveCfg = Release|Win32
		{5D4C18D4-CAFF-4DB7-90BA-7EF56AE18530}.Release|x86.Build.0 = Release|Win32
		{73276977-D797-4F01-BB9F-F7A396BE7A7E}.Debug|x64.ActiveCfg = Debug|x64
		{73276977-D797-4F01-BB9F-F7A396BE7A7E}.Debug|x64.Build.0 = Debug|x64
		{73276977-D797-4F01-BB9F-F7A396BE7A7E}.Debug|x86.ActiveCfg = Debug|Win32
		{73276977-D797-4F01-BB9F-F7A396BE7A7E}.Debug|x86.Build.0 = Debug|Win32
		{73276977-D797-4F01-BB9F-F7A396BE7A7E}.Release|x64.ActiveCfg = Release|x64
		{73276977-D797-4F01-BB9F-F7A396BE7A7E}.Release|x64.Build.0 = Release|x64
		{73276977-D797-4F01-BB9F-F7A396BE7A7E}.Release|x86.ActiveCfg = Release|Win32
		{73276977-D797-4F01-BB9F-F7A396BE7A7E}.Release|x86.Build.0 = Release|Win32
		{425ED0CA-C5CA-4485-98BD-486C4F9377D3}.Debug|x64.ActiveCfg = Debug|x64
		{425ED0CA-C5CA-4485-98BD-486C4F9377D3}.Debug|x64.Build.0 = Debug|x64
		{425ED0CA-C5CA-4485-98BD-486C4F9377D3}.Debug|x86.ActiveCfg = Debug|Win32
		{425ED0CA-C5CA-4485-98BD-486C4F9377D3}.Debug|x86.Build.0 = Debug|Win32
		{425ED0CA-C5CA-4485-98BD-486C4F9377D3}.Release|x64.ActiveCfg = Release|x64
		{425ED0CA-C5CA-4485-98BD-486C4F9377D3}.Release|x64.Build.0 = Release|x64
		{425ED0CA-C5CA-4485-98BD-486C4F9377D3}.Release|x86.ActiveCfg = Release|Win32
		{425ED0CA-C5CA-4485-98BD-486C4F9377D3}.Release|x86.Build.0 = Release|Win32
		{45EF5EF6-03F3-4379-BFF0-DB2F35BDE152}.Debug|x64.ActiveCfg = Debug|x64
		{45EF5EF6-03F3-4379-BFF0-DB2F35BDE152}.Debug|x64.Build.0 = Debug|x64
		{45EF5EF6-03F3-4379-BFF0-DB2F35BDE152}.Debug|x86.ActiveCfg = Debug|Win32
		{45EF5EF6-03F3-4379-BFF0-DB2F35BDE152}.Debug|x86.Build.0 = Debug|Win32
		{45EF5EF6-03F3-4379-BFF0-DB2F35BDE152}.Release|x64.ActiveCfg = Release|x64
		{45EF5EF6-03F3-4379-BFF0-DB2F35BDE152}.Release|x64.Build.0 = Release|x64
		{45EF5EF6-03F3-4379-BFF0-DB2F35BDE152}.Release|x86.ActiveCfg = Release|Win32
		{45EF5EF6-03F3-4379-BFF0-DB2F35BDE152}.Release|x86.Build.0 = Release|Win32
		{F61B9131-7BB0-4A50-8E34-152ECC1D4F90}.Debug|x64.ActiveCfg = Debug|x64
		{F61B9131-7BB0-4A50-8E34-152ECC1D4F90}.Debug|x64.Build.0 = Debug|x64
		{F61B9131-7BB0-4A50-8E34-152ECC1D4F90}.Debug|x86.ActiveCfg = Debug|Win32
		{F61B9131-7BB0-4A50-8E34-152ECC1D4F90}.Debug|x86.Build.0 = Debug|Win32
		{F61B9131-7BB0-4A50-8E34-152ECC1D4F90}.Release|x64.ActiveCfg = Release|x64
		{F61B9131-7BB0-4A50-8E34-152ECC1D4F90}.Release|x64.Build.0 = Release|x64
		{F61B9131-7BB0-4A50-8E34-152ECC1D4F90}.Release|x86.ActiveCfg = Release|Win32
		{F61B9131-7BB0-4A50-8E34-152ECC1D4F90}.Release|x86.Build.0 = Release|Win32
		{5C20842B-7F90-4A39-9638-54CADD5B1797}.Debug|x64.ActiveCfg = Debug|x64
		{5C20842B-7F90-4A39-9638-54CADD5B1797}.Debug|x64.Build.0 = Debug|x64
		{5C20842B-7F90-4A39-9638-54CADD5B1797}.Debug|x86.ActiveCfg = Debug|Win32
		{5C20842B-7F90-4A39-9638-54CADD5B1797}.Debug|x86.Build.0 = Debug|Win32
		{5C20842B-7F90-4A39-9638-54CADD5B1797}.Release|x64.ActiveCfg = Release|x64
		{5C20842B-7F90-4A39-9638-54CADD5B1797}.Release|x64.Build.0 = Release|x64
		{5C20842B-7F90-4A39-9638-54CADD5B1797}.Release|x86.ActiveCfg = Release|Win32
		{5C20842B-7F90-4A39-9638-54CADD5B1797}.Release|x86.Build.0 = Release|Win32
	EndGlobalSection
	GlobalSection(SolutionProperties) = preSolution
		HideSolutionNode = FALSE
	EndGlobalSection
	GlobalSection(ExtensibilityGlobals) = postSolution
		SolutionGuid = {BFB126E3-5637-460E-9C6F-0E44B2CCB4CC}
	EndGlobalSection
EndGlobal
