
Microsoft Visual Studio Solution File, Format Version 12.00
# Visual Studio Version 17
VisualStudioVersion = 17.6.33723.286
MinimumVisualStudioVersion = 10.0.40219.1
Project("{8BC9CEB8-8B4A-11D0-8D11-00A0C91BC942}") = "LABHW3", "LABHW3\LABHW3.vcxproj", "{14DBA911-3046-4577-91CD-AAAF51D8DF14}"
EndProject
Project("{8BC9CEB8-8B4A-11D0-8D11-00A0C91BC942}") = "LABHW3_1", "LABHW3_1\LABHW3_1.vcxproj", "{F5DCC27E-0814-4404-A7C3-C463BD29BC3A}"
EndProject
Project("{8BC9CEB8-8B4A-11D0-8D11-00A0C91BC942}") = "LABHW3_2", "LABHW3_2\LABHW3_2.vcxproj", "{2F54942F-3DED-44A1-BD47-6E417E5B4493}"
EndProject
Project("{8BC9CEB8-8B4A-11D0-8D11-00A0C91BC942}") = "LABHW3_3_1", "LABHW3_3_1\LABHW3_3_1.vcxproj", "{A497DC00-EC8D-427B-8552-5D294255FFDA}"
EndProject
Project("{8BC9CEB8-8B4A-11D0-8D11-00A0C91BC942}") = "LABHW3_3_2", "LABHW3_3_2\LABHW3_3_2.vcxproj", "{A98A79D5-DE8E-4067-877B-81E4A3585E20}"
EndProject
Project("{8BC9CEB8-8B4A-11D0-8D11-00A0C91BC942}") = "LABHW3_3_challenge", "LABHW3_3_challenge\LABHW3_3_challenge.vcxproj", "{6B0AD8A0-F78D-490C-B02C-5167AB40711F}"
EndProject
Project("{8BC9CEB8-8B4A-11D0-8D11-00A0C91BC942}") = "LABHW3_4_1", "LABHW3_4_1\LABHW3_4_1.vcxproj", "{FADC04F7-DA8A-4661-B4F0-0D2A9E55EA52}"
EndProject
Project("{8BC9CEB8-8B4A-11D0-8D11-00A0C91BC942}") = "LABHW3_4_2", "LABHW3_4_2\LABHW3_4_2.vcxproj", "{E14FF74A-0FDF-4436-B0B5-C1DD029C66E6}"
EndProject
Global
	GlobalSection(SolutionConfigurationPlatforms) = preSolution
		Debug|x64 = Debug|x64
		Debug|x86 = Debug|x86
		Release|x64 = Release|x64
		Release|x86 = Release|x86
	EndGlobalSection
	GlobalSection(ProjectConfigurationPlatforms) = postSolution
		{14DBA911-3046-4577-91CD-AAAF51D8DF14}.Debug|x64.ActiveCfg = Debug|x64
		{14DBA911-3046-4577-91CD-AAAF51D8DF14}.Debug|x64.Build.0 = Debug|x64
		{14DBA911-3046-4577-91CD-AAAF51D8DF14}.Debug|x86.ActiveCfg = Debug|Win32
		{14DBA911-3046-4577-91CD-AAAF51D8DF14}.Debug|x86.Build.0 = Debug|Win32
		{14DBA911-3046-4577-91CD-AAAF51D8DF14}.Release|x64.ActiveCfg = Release|x64
		{14DBA911-3046-4577-91CD-AAAF51D8DF14}.Release|x64.Build.0 = Release|x64
		{14DBA911-3046-4577-91CD-AAAF51D8DF14}.Release|x86.ActiveCfg = Release|Win32
		{14DBA911-3046-4577-91CD-AAAF51D8DF14}.Release|x86.Build.0 = Release|Win32
		{F5DCC27E-0814-4404-A7C3-C463BD29BC3A}.Debug|x64.ActiveCfg = Debug|x64
		{F5DCC27E-0814-4404-A7C3-C463BD29BC3A}.Debug|x64.Build.0 = Debug|x64
		{F5DCC27E-0814-4404-A7C3-C463BD29BC3A}.Debug|x86.ActiveCfg = Debug|Win32
		{F5DCC27E-0814-4404-A7C3-C463BD29BC3A}.Debug|x86.Build.0 = Debug|Win32
		{F5DCC27E-0814-4404-A7C3-C463BD29BC3A}.Release|x64.ActiveCfg = Release|x64
		{F5DCC27E-0814-4404-A7C3-C463BD29BC3A}.Release|x64.Build.0 = Release|x64
		{F5DCC27E-0814-4404-A7C3-C463BD29BC3A}.Release|x86.ActiveCfg = Release|Win32
		{F5DCC27E-0814-4404-A7C3-C463BD29BC3A}.Release|x86.Build.0 = Release|Win32
		{2F54942F-3DED-44A1-BD47-6E417E5B4493}.Debug|x64.ActiveCfg = Debug|x64
		{2F54942F-3DED-44A1-BD47-6E417E5B4493}.Debug|x64.Build.0 = Debug|x64
		{2F54942F-3DED-44A1-BD47-6E417E5B4493}.Debug|x86.ActiveCfg = Debug|Win32
		{2F54942F-3DED-44A1-BD47-6E417E5B4493}.Debug|x86.Build.0 = Debug|Win32
		{2F54942F-3DED-44A1-BD47-6E417E5B4493}.Release|x64.ActiveCfg = Release|x64
		{2F54942F-3DED-44A1-BD47-6E417E5B4493}.Release|x64.Build.0 = Release|x64
		{2F54942F-3DED-44A1-BD47-6E417E5B4493}.Release|x86.ActiveCfg = Release|Win32
		{2F54942F-3DED-44A1-BD47-6E417E5B4493}.Release|x86.Build.0 = Release|Win32
		{A497DC00-EC8D-427B-8552-5D294255FFDA}.Debug|x64.ActiveCfg = Debug|x64
		{A497DC00-EC8D-427B-8552-5D294255FFDA}.Debug|x64.Build.0 = Debug|x64
		{A497DC00-EC8D-427B-8552-5D294255FFDA}.Debug|x86.ActiveCfg = Debug|Win32
		{A497DC00-EC8D-427B-8552-5D294255FFDA}.Debug|x86.Build.0 = Debug|Win32
		{A497DC00-EC8D-427B-8552-5D294255FFDA}.Release|x64.ActiveCfg = Release|x64
		{A497DC00-EC8D-427B-8552-5D294255FFDA}.Release|x64.Build.0 = Release|x64
		{A497DC00-EC8D-427B-8552-5D294255FFDA}.Release|x86.ActiveCfg = Release|Win32
		{A497DC00-EC8D-427B-8552-5D294255FFDA}.Release|x86.Build.0 = Release|Win32
		{A98A79D5-DE8E-4067-877B-81E4A3585E20}.Debug|x64.ActiveCfg = Debug|x64
		{A98A79D5-DE8E-4067-877B-81E4A3585E20}.Debug|x64.Build.0 = Debug|x64
		{A98A79D5-DE8E-4067-877B-81E4A3585E20}.Debug|x86.ActiveCfg = Debug|Win32
		{A98A79D5-DE8E-4067-877B-81E4A3585E20}.Debug|x86.Build.0 = Debug|Win32
		{A98A79D5-DE8E-4067-877B-81E4A3585E20}.Release|x64.ActiveCfg = Release|x64
		{A98A79D5-DE8E-4067-877B-81E4A3585E20}.Release|x64.Build.0 = Release|x64
		{A98A79D5-DE8E-4067-877B-81E4A3585E20}.Release|x86.ActiveCfg = Release|Win32
		{A98A79D5-DE8E-4067-877B-81E4A3585E20}.Release|x86.Build.0 = Release|Win32
		{6B0AD8A0-F78D-490C-B02C-5167AB40711F}.Debug|x64.ActiveCfg = Debug|x64
		{6B0AD8A0-F78D-490C-B02C-5167AB40711F}.Debug|x64.Build.0 = Debug|x64
		{6B0AD8A0-F78D-490C-B02C-5167AB40711F}.Debug|x86.ActiveCfg = Debug|Win32
		{6B0AD8A0-F78D-490C-B02C-5167AB40711F}.Debug|x86.Build.0 = Debug|Win32
		{6B0AD8A0-F78D-490C-B02C-5167AB40711F}.Release|x64.ActiveCfg = Release|x64
		{6B0AD8A0-F78D-490C-B02C-5167AB40711F}.Release|x64.Build.0 = Release|x64
		{6B0AD8A0-F78D-490C-B02C-5167AB40711F}.Release|x86.ActiveCfg = Release|Win32
		{6B0AD8A0-F78D-490C-B02C-5167AB40711F}.Release|x86.Build.0 = Release|Win32
		{FADC04F7-DA8A-4661-B4F0-0D2A9E55EA52}.Debug|x64.ActiveCfg = Debug|x64
		{FADC04F7-DA8A-4661-B4F0-0D2A9E55EA52}.Debug|x64.Build.0 = Debug|x64
		{FADC04F7-DA8A-4661-B4F0-0D2A9E55EA52}.Debug|x86.ActiveCfg = Debug|Win32
		{FADC04F7-DA8A-4661-B4F0-0D2A9E55EA52}.Debug|x86.Build.0 = Debug|Win32
		{FADC04F7-DA8A-4661-B4F0-0D2A9E55EA52}.Release|x64.ActiveCfg = Release|x64
		{FADC04F7-DA8A-4661-B4F0-0D2A9E55EA52}.Release|x64.Build.0 = Release|x64
		{FADC04F7-DA8A-4661-B4F0-0D2A9E55EA52}.Release|x86.ActiveCfg = Release|Win32
		{FADC04F7-DA8A-4661-B4F0-0D2A9E55EA52}.Release|x86.Build.0 = Release|Win32
		{E14FF74A-0FDF-4436-B0B5-C1DD029C66E6}.Debug|x64.ActiveCfg = Debug|x64
		{E14FF74A-0FDF-4436-B0B5-C1DD029C66E6}.Debug|x64.Build.0 = Debug|x64
		{E14FF74A-0FDF-4436-B0B5-C1DD029C66E6}.Debug|x86.ActiveCfg = Debug|Win32
		{E14FF74A-0FDF-4436-B0B5-C1DD029C66E6}.Debug|x86.Build.0 = Debug|Win32
		{E14FF74A-0FDF-4436-B0B5-C1DD029C66E6}.Release|x64.ActiveCfg = Release|x64
		{E14FF74A-0FDF-4436-B0B5-C1DD029C66E6}.Release|x64.Build.0 = Release|x64
		{E14FF74A-0FDF-4436-B0B5-C1DD029C66E6}.Release|x86.ActiveCfg = Release|Win32
		{E14FF74A-0FDF-4436-B0B5-C1DD029C66E6}.Release|x86.Build.0 = Release|Win32
	EndGlobalSection
	GlobalSection(SolutionProperties) = preSolution
		HideSolutionNode = FALSE
	EndGlobalSection
	GlobalSection(ExtensibilityGlobals) = postSolution
		SolutionGuid = {CBAD6DF3-D2C1-4B89-965E-C2E2768B51FB}
	EndGlobalSection
EndGlobal
