
Microsoft Visual Studio Solution File, Format Version 12.00
# Visual Studio Version 17
VisualStudioVersion = 17.6.33723.286
MinimumVisualStudioVersion = 10.0.40219.1
Project("{8BC9CEB8-8B4A-11D0-8D11-00A0C91BC942}") = "LAB3_1", "LABHW3\LABHW3.vcxproj", "{3FE6943D-BDCE-4689-A2D2-064D9F563964}"
EndProject
Project("{8BC9CEB8-8B4A-11D0-8D11-00A0C91BC942}") = "LAB3_2", "LAB3_2\LAB3_2.vcxproj", "{139158EB-CE05-47B1-A2B5-9792F1F06116}"
EndProject
Project("{8BC9CEB8-8B4A-11D0-8D11-00A0C91BC942}") = "LAB3_3", "LAB3_3\LAB3_3.vcxproj", "{3CE1B20A-1A71-4619-B9D7-F7E662B2E52B}"
EndProject
Project("{8BC9CEB8-8B4A-11D0-8D11-00A0C91BC942}") = "LAB3_4", "LAB3_4\LAB3_4.vcxproj", "{D9D7BCDD-EB3D-4CFE-937D-A69EAAA9C3E0}"
EndProject
Project("{8BC9CEB8-8B4A-11D0-8D11-00A0C91BC942}") = "HW3_1", "HW3_1\HW3_1.vcxproj", "{96EEB66D-4380-4C04-A05F-05279E3347A9}"
EndProject
Project("{8BC9CEB8-8B4A-11D0-8D11-00A0C91BC942}") = "HW3_2", "HW3_2\HW3_2.vcxproj", "{5802D853-01AE-4534-9FD5-F00CEC36A8CA}"
EndProject
Project("{8BC9CEB8-8B4A-11D0-8D11-00A0C91BC942}") = "HW3_3", "HW3_3\HW3_3.vcxproj", "{1FB4AAB9-A7B0-4ED7-A874-0721439D5BC7}"
EndProject
Project("{8BC9CEB8-8B4A-11D0-8D11-00A0C91BC942}") = "HW3_4", "HW3_4\HW3_4.vcxproj", "{F4FBED43-8AF3-4229-A577-8B8CDA117701}"
EndProject
Project("{8BC9CEB8-8B4A-11D0-8D11-00A0C91BC942}") = "LAB5_1", "LAB5_1\LAB5_1.vcxproj", "{BC97392C-462B-4C60-9F2F-8C169B830041}"
EndProject
Project("{8BC9CEB8-8B4A-11D0-8D11-00A0C91BC942}") = "LAB5_2", "LAB5_2\LAB5_2.vcxproj", "{FFF58F92-ED3F-4FFA-B840-990A20801F9D}"
EndProject
Project("{8BC9CEB8-8B4A-11D0-8D11-00A0C91BC942}") = "LAB5_3", "LAB5_3\LAB5_3.vcxproj", "{87E7D687-1069-47AD-9A7B-F5C5390CE71B}"
EndProject
Project("{8BC9CEB8-8B4A-11D0-8D11-00A0C91BC942}") = "HW5_1", "HW5_1\HW5_1.vcxproj", "{667D0B89-9A26-4259-A2D3-E0131928E969}"
EndProject
Project("{8BC9CEB8-8B4A-11D0-8D11-00A0C91BC942}") = "HW5_2", "HW5_2\HW5_2.vcxproj", "{8310AB60-380F-4E84-877A-514C0AA52302}"
EndProject
Project("{8BC9CEB8-8B4A-11D0-8D11-00A0C91BC942}") = "HW5_3", "HW5_3\HW5_3.vcxproj", "{605D5CB3-BC46-4D83-975A-F2244A92E23F}"
EndProject
Global
	GlobalSection(SolutionConfigurationPlatforms) = preSolution
		Debug|x64 = Debug|x64
		Debug|x86 = Debug|x86
		Release|x64 = Release|x64
		Release|x86 = Release|x86
	EndGlobalSection
	GlobalSection(ProjectConfigurationPlatforms) = postSolution
		{3FE6943D-BDCE-4689-A2D2-064D9F563964}.Debug|x64.ActiveCfg = Debug|x64
		{3FE6943D-BDCE-4689-A2D2-064D9F563964}.Debug|x64.Build.0 = Debug|x64
		{3FE6943D-BDCE-4689-A2D2-064D9F563964}.Debug|x86.ActiveCfg = Debug|Win32
		{3FE6943D-BDCE-4689-A2D2-064D9F563964}.Debug|x86.Build.0 = Debug|Win32
		{3FE6943D-BDCE-4689-A2D2-064D9F563964}.Release|x64.ActiveCfg = Release|x64
		{3FE6943D-BDCE-4689-A2D2-064D9F563964}.Release|x64.Build.0 = Release|x64
		{3FE6943D-BDCE-4689-A2D2-064D9F563964}.Release|x86.ActiveCfg = Release|Win32
		{3FE6943D-BDCE-4689-A2D2-064D9F563964}.Release|x86.Build.0 = Release|Win32
		{139158EB-CE05-47B1-A2B5-9792F1F06116}.Debug|x64.ActiveCfg = Debug|x64
		{139158EB-CE05-47B1-A2B5-9792F1F06116}.Debug|x64.Build.0 = Debug|x64
		{139158EB-CE05-47B1-A2B5-9792F1F06116}.Debug|x86.ActiveCfg = Debug|Win32
		{139158EB-CE05-47B1-A2B5-9792F1F06116}.Debug|x86.Build.0 = Debug|Win32
		{139158EB-CE05-47B1-A2B5-9792F1F06116}.Release|x64.ActiveCfg = Release|x64
		{139158EB-CE05-47B1-A2B5-9792F1F06116}.Release|x64.Build.0 = Release|x64
		{139158EB-CE05-47B1-A2B5-9792F1F06116}.Release|x86.ActiveCfg = Release|Win32
		{139158EB-CE05-47B1-A2B5-9792F1F06116}.Release|x86.Build.0 = Release|Win32
		{3CE1B20A-1A71-4619-B9D7-F7E662B2E52B}.Debug|x64.ActiveCfg = Debug|x64
		{3CE1B20A-1A71-4619-B9D7-F7E662B2E52B}.Debug|x64.Build.0 = Debug|x64
		{3CE1B20A-1A71-4619-B9D7-F7E662B2E52B}.Debug|x86.ActiveCfg = Debug|Win32
		{3CE1B20A-1A71-4619-B9D7-F7E662B2E52B}.Debug|x86.Build.0 = Debug|Win32
		{3CE1B20A-1A71-4619-B9D7-F7E662B2E52B}.Release|x64.ActiveCfg = Release|x64
		{3CE1B20A-1A71-4619-B9D7-F7E662B2E52B}.Release|x64.Build.0 = Release|x64
		{3CE1B20A-1A71-4619-B9D7-F7E662B2E52B}.Release|x86.ActiveCfg = Release|Win32
		{3CE1B20A-1A71-4619-B9D7-F7E662B2E52B}.Release|x86.Build.0 = Release|Win32
		{D9D7BCDD-EB3D-4CFE-937D-A69EAAA9C3E0}.Debug|x64.ActiveCfg = Debug|x64
		{D9D7BCDD-EB3D-4CFE-937D-A69EAAA9C3E0}.Debug|x64.Build.0 = Debug|x64
		{D9D7BCDD-EB3D-4CFE-937D-A69EAAA9C3E0}.Debug|x86.ActiveCfg = Debug|Win32
		{D9D7BCDD-EB3D-4CFE-937D-A69EAAA9C3E0}.Debug|x86.Build.0 = Debug|Win32
		{D9D7BCDD-EB3D-4CFE-937D-A69EAAA9C3E0}.Release|x64.ActiveCfg = Release|x64
		{D9D7BCDD-EB3D-4CFE-937D-A69EAAA9C3E0}.Release|x64.Build.0 = Release|x64
		{D9D7BCDD-EB3D-4CFE-937D-A69EAAA9C3E0}.Release|x86.ActiveCfg = Release|Win32
		{D9D7BCDD-EB3D-4CFE-937D-A69EAAA9C3E0}.Release|x86.Build.0 = Release|Win32
		{96EEB66D-4380-4C04-A05F-05279E3347A9}.Debug|x64.ActiveCfg = Debug|x64
		{96EEB66D-4380-4C04-A05F-05279E3347A9}.Debug|x64.Build.0 = Debug|x64
		{96EEB66D-4380-4C04-A05F-05279E3347A9}.Debug|x86.ActiveCfg = Debug|Win32
		{96EEB66D-4380-4C04-A05F-05279E3347A9}.Debug|x86.Build.0 = Debug|Win32
		{96EEB66D-4380-4C04-A05F-05279E3347A9}.Release|x64.ActiveCfg = Release|x64
		{96EEB66D-4380-4C04-A05F-05279E3347A9}.Release|x64.Build.0 = Release|x64
		{96EEB66D-4380-4C04-A05F-05279E3347A9}.Release|x86.ActiveCfg = Release|Win32
		{96EEB66D-4380-4C04-A05F-05279E3347A9}.Release|x86.Build.0 = Release|Win32
		{5802D853-01AE-4534-9FD5-F00CEC36A8CA}.Debug|x64.ActiveCfg = Debug|x64
		{5802D853-01AE-4534-9FD5-F00CEC36A8CA}.Debug|x64.Build.0 = Debug|x64
		{5802D853-01AE-4534-9FD5-F00CEC36A8CA}.Debug|x86.ActiveCfg = Debug|Win32
		{5802D853-01AE-4534-9FD5-F00CEC36A8CA}.Debug|x86.Build.0 = Debug|Win32
		{5802D853-01AE-4534-9FD5-F00CEC36A8CA}.Release|x64.ActiveCfg = Release|x64
		{5802D853-01AE-4534-9FD5-F00CEC36A8CA}.Release|x64.Build.0 = Release|x64
		{5802D853-01AE-4534-9FD5-F00CEC36A8CA}.Release|x86.ActiveCfg = Release|Win32
		{5802D853-01AE-4534-9FD5-F00CEC36A8CA}.Release|x86.Build.0 = Release|Win32
		{1FB4AAB9-A7B0-4ED7-A874-0721439D5BC7}.Debug|x64.ActiveCfg = Debug|x64
		{1FB4AAB9-A7B0-4ED7-A874-0721439D5BC7}.Debug|x64.Build.0 = Debug|x64
		{1FB4AAB9-A7B0-4ED7-A874-0721439D5BC7}.Debug|x86.ActiveCfg = Debug|Win32
		{1FB4AAB9-A7B0-4ED7-A874-0721439D5BC7}.Debug|x86.Build.0 = Debug|Win32
		{1FB4AAB9-A7B0-4ED7-A874-0721439D5BC7}.Release|x64.ActiveCfg = Release|x64
		{1FB4AAB9-A7B0-4ED7-A874-0721439D5BC7}.Release|x64.Build.0 = Release|x64
		{1FB4AAB9-A7B0-4ED7-A874-0721439D5BC7}.Release|x86.ActiveCfg = Release|Win32
		{1FB4AAB9-A7B0-4ED7-A874-0721439D5BC7}.Release|x86.Build.0 = Release|Win32
		{F4FBED43-8AF3-4229-A577-8B8CDA117701}.Debug|x64.ActiveCfg = Debug|x64
		{F4FBED43-8AF3-4229-A577-8B8CDA117701}.Debug|x64.Build.0 = Debug|x64
		{F4FBED43-8AF3-4229-A577-8B8CDA117701}.Debug|x86.ActiveCfg = Debug|Win32
		{F4FBED43-8AF3-4229-A577-8B8CDA117701}.Debug|x86.Build.0 = Debug|Win32
		{F4FBED43-8AF3-4229-A577-8B8CDA117701}.Release|x64.ActiveCfg = Release|x64
		{F4FBED43-8AF3-4229-A577-8B8CDA117701}.Release|x64.Build.0 = Release|x64
		{F4FBED43-8AF3-4229-A577-8B8CDA117701}.Release|x86.ActiveCfg = Release|Win32
		{F4FBED43-8AF3-4229-A577-8B8CDA117701}.Release|x86.Build.0 = Release|Win32
		{BC97392C-462B-4C60-9F2F-8C169B830041}.Debug|x64.ActiveCfg = Debug|x64
		{BC97392C-462B-4C60-9F2F-8C169B830041}.Debug|x64.Build.0 = Debug|x64
		{BC97392C-462B-4C60-9F2F-8C169B830041}.Debug|x86.ActiveCfg = Debug|Win32
		{BC97392C-462B-4C60-9F2F-8C169B830041}.Debug|x86.Build.0 = Debug|Win32
		{BC97392C-462B-4C60-9F2F-8C169B830041}.Release|x64.ActiveCfg = Release|x64
		{BC97392C-462B-4C60-9F2F-8C169B830041}.Release|x64.Build.0 = Release|x64
		{BC97392C-462B-4C60-9F2F-8C169B830041}.Release|x86.ActiveCfg = Release|Win32
		{BC97392C-462B-4C60-9F2F-8C169B830041}.Release|x86.Build.0 = Release|Win32
		{FFF58F92-ED3F-4FFA-B840-990A20801F9D}.Debug|x64.ActiveCfg = Debug|x64
		{FFF58F92-ED3F-4FFA-B840-990A20801F9D}.Debug|x64.Build.0 = Debug|x64
		{FFF58F92-ED3F-4FFA-B840-990A20801F9D}.Debug|x86.ActiveCfg = Debug|Win32
		{FFF58F92-ED3F-4FFA-B840-990A20801F9D}.Debug|x86.Build.0 = Debug|Win32
		{FFF58F92-ED3F-4FFA-B840-990A20801F9D}.Release|x64.ActiveCfg = Release|x64
		{FFF58F92-ED3F-4FFA-B840-990A20801F9D}.Release|x64.Build.0 = Release|x64
		{FFF58F92-ED3F-4FFA-B840-990A20801F9D}.Release|x86.ActiveCfg = Release|Win32
		{FFF58F92-ED3F-4FFA-B840-990A20801F9D}.Release|x86.Build.0 = Release|Win32
		{87E7D687-1069-47AD-9A7B-F5C5390CE71B}.Debug|x64.ActiveCfg = Debug|x64
		{87E7D687-1069-47AD-9A7B-F5C5390CE71B}.Debug|x64.Build.0 = Debug|x64
		{87E7D687-1069-47AD-9A7B-F5C5390CE71B}.Debug|x86.ActiveCfg = Debug|Win32
		{87E7D687-1069-47AD-9A7B-F5C5390CE71B}.Debug|x86.Build.0 = Debug|Win32
		{87E7D687-1069-47AD-9A7B-F5C5390CE71B}.Release|x64.ActiveCfg = Release|x64
		{87E7D687-1069-47AD-9A7B-F5C5390CE71B}.Release|x64.Build.0 = Release|x64
		{87E7D687-1069-47AD-9A7B-F5C5390CE71B}.Release|x86.ActiveCfg = Release|Win32
		{87E7D687-1069-47AD-9A7B-F5C5390CE71B}.Release|x86.Build.0 = Release|Win32
		{667D0B89-9A26-4259-A2D3-E0131928E969}.Debug|x64.ActiveCfg = Debug|x64
		{667D0B89-9A26-4259-A2D3-E0131928E969}.Debug|x64.Build.0 = Debug|x64
		{667D0B89-9A26-4259-A2D3-E0131928E969}.Debug|x86.ActiveCfg = Debug|Win32
		{667D0B89-9A26-4259-A2D3-E0131928E969}.Debug|x86.Build.0 = Debug|Win32
		{667D0B89-9A26-4259-A2D3-E0131928E969}.Release|x64.ActiveCfg = Release|x64
		{667D0B89-9A26-4259-A2D3-E0131928E969}.Release|x64.Build.0 = Release|x64
		{667D0B89-9A26-4259-A2D3-E0131928E969}.Release|x86.ActiveCfg = Release|Win32
		{667D0B89-9A26-4259-A2D3-E0131928E969}.Release|x86.Build.0 = Release|Win32
		{8310AB60-380F-4E84-877A-514C0AA52302}.Debug|x64.ActiveCfg = Debug|x64
		{8310AB60-380F-4E84-877A-514C0AA52302}.Debug|x64.Build.0 = Debug|x64
		{8310AB60-380F-4E84-877A-514C0AA52302}.Debug|x86.ActiveCfg = Debug|Win32
		{8310AB60-380F-4E84-877A-514C0AA52302}.Debug|x86.Build.0 = Debug|Win32
		{8310AB60-380F-4E84-877A-514C0AA52302}.Release|x64.ActiveCfg = Release|x64
		{8310AB60-380F-4E84-877A-514C0AA52302}.Release|x64.Build.0 = Release|x64
		{8310AB60-380F-4E84-877A-514C0AA52302}.Release|x86.ActiveCfg = Release|Win32
		{8310AB60-380F-4E84-877A-514C0AA52302}.Release|x86.Build.0 = Release|Win32
		{605D5CB3-BC46-4D83-975A-F2244A92E23F}.Debug|x64.ActiveCfg = Debug|x64
		{605D5CB3-BC46-4D83-975A-F2244A92E23F}.Debug|x64.Build.0 = Debug|x64
		{605D5CB3-BC46-4D83-975A-F2244A92E23F}.Debug|x86.ActiveCfg = Debug|Win32
		{605D5CB3-BC46-4D83-975A-F2244A92E23F}.Debug|x86.Build.0 = Debug|Win32
		{605D5CB3-BC46-4D83-975A-F2244A92E23F}.Release|x64.ActiveCfg = Release|x64
		{605D5CB3-BC46-4D83-975A-F2244A92E23F}.Release|x64.Build.0 = Release|x64
		{605D5CB3-BC46-4D83-975A-F2244A92E23F}.Release|x86.ActiveCfg = Release|Win32
		{605D5CB3-BC46-4D83-975A-F2244A92E23F}.Release|x86.Build.0 = Release|Win32
	EndGlobalSection
	GlobalSection(SolutionProperties) = preSolution
		HideSolutionNode = FALSE
	EndGlobalSection
	GlobalSection(ExtensibilityGlobals) = postSolution
		SolutionGuid = {988DCE43-9F7E-4979-A39E-569E1538659B}
	EndGlobalSection
EndGlobal
