
Microsoft Visual Studio Solution File, Format Version 12.00
# Visual Studio Version 17
VisualStudioVersion = 17.6.33723.286
MinimumVisualStudioVersion = 10.0.40219.1
Project("{8BC9CEB8-8B4A-11D0-8D11-00A0C91BC942}") = "LABHW6", "LABHW6\LABHW6.vcxproj", "{4E220F2A-EEC6-404D-BC98-1D5C2C02AA1D}"
EndProject
Global
	GlobalSection(SolutionConfigurationPlatforms) = preSolution
		Debug|x64 = Debug|x64
		Debug|x86 = Debug|x86
		Release|x64 = Release|x64
		Release|x86 = Release|x86
	EndGlobalSection
	GlobalSection(ProjectConfigurationPlatforms) = postSolution
		{4E220F2A-EEC6-404D-BC98-1D5C2C02AA1D}.Debug|x64.ActiveCfg = Debug|x64
		{4E220F2A-EEC6-404D-BC98-1D5C2C02AA1D}.Debug|x64.Build.0 = Debug|x64
		{4E220F2A-EEC6-404D-BC98-1D5C2C02AA1D}.Debug|x86.ActiveCfg = Debug|Win32
		{4E220F2A-EEC6-404D-BC98-1D5C2C02AA1D}.Debug|x86.Build.0 = Debug|Win32
		{4E220F2A-EEC6-404D-BC98-1D5C2C02AA1D}.Release|x64.ActiveCfg = Release|x64
		{4E220F2A-EEC6-404D-BC98-1D5C2C02AA1D}.Release|x64.Build.0 = Release|x64
		{4E220F2A-EEC6-404D-BC98-1D5C2C02AA1D}.Release|x86.ActiveCfg = Release|Win32
		{4E220F2A-EEC6-404D-BC98-1D5C2C02AA1D}.Release|x86.Build.0 = Release|Win32
	EndGlobalSection
	GlobalSection(SolutionProperties) = preSolution
		HideSolutionNode = FALSE
	EndGlobalSection
	GlobalSection(ExtensibilityGlobals) = postSolution
		SolutionGuid = {10ADB084-1E08-4291-9A22-FD5EBDC8FBF8}
	EndGlobalSection
EndGlobal
